PODS:
  - TTBaseUIKit (1.0.5)

DEPENDENCIES:
  - TTBaseUIKit (from `/STORE/S.JOB/J.PROJECT/P.BUILD_LIB/TTBaseUIKit/TTBaseUIKit/`)

EXTERNAL SOURCES:
  TTBaseUIKit:
    :path: "/STORE/S.JOB/J.PROJECT/P.BUILD_LIB/TTBaseUIKit/TTBaseUIKit/"

SPEC CHECKSUMS:
  TTBaseUIKit: afe2cfdb3441f302b8857de4a9f6c60b854554cb

PODFILE CHECKSUM: 96170b7f9a43554e2225819f5de5971e8d129038

COCOAPODS: 1.7.0.beta.3
