// !$*UTF8*$!
{
	archiveVersion = 1;
	classes = {
	};
	objectVersion = 51;
	objects = {

/* Begin PBXBuildFile section */
		02DA4C4EC350795A91D8E79A /* Pods_TTBaseUIKitExample.framework in Frameworks */ = {isa = PBXBuildFile; fileRef = A75DC4974845A56EF7D3FF41 /* Pods_TTBaseUIKitExample.framework */; };
		930F2A6022AA75100001A511 /* Element.swift in Sources */ = {isa = PBXBuildFile; fileRef = 930F2A5F22AA75100001A511 /* Element.swift */; };
		934B1FFC22ABB6F000140EF7 /* CellTypeTableViewController.swift in Sources */ = {isa = PBXBuildFile; fileRef = 934B1FFB22ABB6F000140EF7 /* CellTypeTableViewController.swift */; };
		934B1FFE22ABBAB400140EF7 /* ShowMessageViewController.swift in Sources */ = {isa = PBXBuildFile; fileRef = 934B1FFD22ABBAB400140EF7 /* ShowMessageViewController.swift */; };
		9371FA6122AF8923005549E0 /* CoverPresentViewController.swift in Sources */ = {isa = PBXBuildFile; fileRef = 9371FA6022AF8923005549E0 /* CoverPresentViewController.swift */; };
		9371FA6322AF89F6005549E0 /* DatePickerViewController.swift in Sources */ = {isa = PBXBuildFile; fileRef = 9371FA6222AF89F6005549E0 /* DatePickerViewController.swift */; };
		9371FA6522AF8A89005549E0 /* EmptyTableViewController.swift in Sources */ = {isa = PBXBuildFile; fileRef = 9371FA6422AF8A89005549E0 /* EmptyTableViewController.swift */; };
		93BC0C3A22AA60C800E61D3C /* BaseUITableViewController.swift in Sources */ = {isa = PBXBuildFile; fileRef = 93BC0C3922AA60C800E61D3C /* BaseUITableViewController.swift */; };
		93BC0C3C22AA611400E61D3C /* ListCellTestTableViewController.swift in Sources */ = {isa = PBXBuildFile; fileRef = 93BC0C3B22AA611400E61D3C /* ListCellTestTableViewController.swift */; };
		93BC0C3E22AA61EB00E61D3C /* BaseUINavigationView.swift in Sources */ = {isa = PBXBuildFile; fileRef = 93BC0C3D22AA61EB00E61D3C /* BaseUINavigationView.swift */; };
		93BC0C4022AA622B00E61D3C /* Util.swift in Sources */ = {isa = PBXBuildFile; fileRef = 93BC0C3F22AA622B00E61D3C /* Util.swift */; };
		93BC0C4222AA629500E61D3C /* MenuViewController.swift in Sources */ = {isa = PBXBuildFile; fileRef = 93BC0C4122AA629500E61D3C /* MenuViewController.swift */; };
		93BC0C4422AA62DC00E61D3C /* BaseUIViewController.swift in Sources */ = {isa = PBXBuildFile; fileRef = 93BC0C4322AA62DC00E61D3C /* BaseUIViewController.swift */; };
		93BC0C4722AA69E300E61D3C /* DemoHeaderView.swift in Sources */ = {isa = PBXBuildFile; fileRef = 93BC0C4622AA69E300E61D3C /* DemoHeaderView.swift */; };
		93F0FDCA22580B980037C427 /* AppDelegate.swift in Sources */ = {isa = PBXBuildFile; fileRef = 93F0FDC922580B980037C427 /* AppDelegate.swift */; };
		93F0FDCC22580B980037C427 /* TestViewController.swift in Sources */ = {isa = PBXBuildFile; fileRef = 93F0FDCB22580B980037C427 /* TestViewController.swift */; };
		93F0FDCF22580B980037C427 /* Main.storyboard in Resources */ = {isa = PBXBuildFile; fileRef = 93F0FDCD22580B980037C427 /* Main.storyboard */; };
		93F0FDD122580B990037C427 /* Assets.xcassets in Resources */ = {isa = PBXBuildFile; fileRef = 93F0FDD022580B990037C427 /* Assets.xcassets */; };
		93F0FDD422580B990037C427 /* LaunchScreen.storyboard in Resources */ = {isa = PBXBuildFile; fileRef = 93F0FDD222580B990037C427 /* LaunchScreen.storyboard */; };
/* End PBXBuildFile section */

/* Begin PBXFileReference section */
		490EA940706F141AFD6943F7 /* Pods-TTBaseUIKitExample.release.xcconfig */ = {isa = PBXFileReference; includeInIndex = 1; lastKnownFileType = text.xcconfig; name = "Pods-TTBaseUIKitExample.release.xcconfig"; path = "Target Support Files/Pods-TTBaseUIKitExample/Pods-TTBaseUIKitExample.release.xcconfig"; sourceTree = "<group>"; };
		930F2A5F22AA75100001A511 /* Element.swift */ = {isa = PBXFileReference; lastKnownFileType = sourcecode.swift; path = Element.swift; sourceTree = "<group>"; };
		934B1FFB22ABB6F000140EF7 /* CellTypeTableViewController.swift */ = {isa = PBXFileReference; lastKnownFileType = sourcecode.swift; path = CellTypeTableViewController.swift; sourceTree = "<group>"; };
		934B1FFD22ABBAB400140EF7 /* ShowMessageViewController.swift */ = {isa = PBXFileReference; lastKnownFileType = sourcecode.swift; path = ShowMessageViewController.swift; sourceTree = "<group>"; };
		9371FA6022AF8923005549E0 /* CoverPresentViewController.swift */ = {isa = PBXFileReference; lastKnownFileType = sourcecode.swift; path = CoverPresentViewController.swift; sourceTree = "<group>"; };
		9371FA6222AF89F6005549E0 /* DatePickerViewController.swift */ = {isa = PBXFileReference; lastKnownFileType = sourcecode.swift; path = DatePickerViewController.swift; sourceTree = "<group>"; };
		9371FA6422AF8A89005549E0 /* EmptyTableViewController.swift */ = {isa = PBXFileReference; lastKnownFileType = sourcecode.swift; path = EmptyTableViewController.swift; sourceTree = "<group>"; };
		93BC0C3922AA60C800E61D3C /* BaseUITableViewController.swift */ = {isa = PBXFileReference; lastKnownFileType = sourcecode.swift; path = BaseUITableViewController.swift; sourceTree = "<group>"; };
		93BC0C3B22AA611400E61D3C /* ListCellTestTableViewController.swift */ = {isa = PBXFileReference; lastKnownFileType = sourcecode.swift; path = ListCellTestTableViewController.swift; sourceTree = "<group>"; };
		93BC0C3D22AA61EB00E61D3C /* BaseUINavigationView.swift */ = {isa = PBXFileReference; lastKnownFileType = sourcecode.swift; path = BaseUINavigationView.swift; sourceTree = "<group>"; };
		93BC0C3F22AA622B00E61D3C /* Util.swift */ = {isa = PBXFileReference; lastKnownFileType = sourcecode.swift; path = Util.swift; sourceTree = "<group>"; };
		93BC0C4122AA629500E61D3C /* MenuViewController.swift */ = {isa = PBXFileReference; lastKnownFileType = sourcecode.swift; path = MenuViewController.swift; sourceTree = "<group>"; };
		93BC0C4322AA62DC00E61D3C /* BaseUIViewController.swift */ = {isa = PBXFileReference; lastKnownFileType = sourcecode.swift; path = BaseUIViewController.swift; sourceTree = "<group>"; };
		93BC0C4622AA69E300E61D3C /* DemoHeaderView.swift */ = {isa = PBXFileReference; lastKnownFileType = sourcecode.swift; path = DemoHeaderView.swift; sourceTree = "<group>"; };
		93F0FDC622580B980037C427 /* TTBaseUIKitExample.app */ = {isa = PBXFileReference; explicitFileType = wrapper.application; includeInIndex = 0; path = TTBaseUIKitExample.app; sourceTree = BUILT_PRODUCTS_DIR; };
		93F0FDC922580B980037C427 /* AppDelegate.swift */ = {isa = PBXFileReference; lastKnownFileType = sourcecode.swift; path = AppDelegate.swift; sourceTree = "<group>"; };
		93F0FDCB22580B980037C427 /* TestViewController.swift */ = {isa = PBXFileReference; lastKnownFileType = sourcecode.swift; path = TestViewController.swift; sourceTree = "<group>"; };
		93F0FDCE22580B980037C427 /* Base */ = {isa = PBXFileReference; lastKnownFileType = file.storyboard; name = Base; path = Base.lproj/Main.storyboard; sourceTree = "<group>"; };
		93F0FDD022580B990037C427 /* Assets.xcassets */ = {isa = PBXFileReference; lastKnownFileType = folder.assetcatalog; path = Assets.xcassets; sourceTree = "<group>"; };
		93F0FDD322580B990037C427 /* Base */ = {isa = PBXFileReference; lastKnownFileType = file.storyboard; name = Base; path = Base.lproj/LaunchScreen.storyboard; sourceTree = "<group>"; };
		93F0FDD522580B990037C427 /* Info.plist */ = {isa = PBXFileReference; lastKnownFileType = text.plist.xml; path = Info.plist; sourceTree = "<group>"; };
		A75DC4974845A56EF7D3FF41 /* Pods_TTBaseUIKitExample.framework */ = {isa = PBXFileReference; explicitFileType = wrapper.framework; includeInIndex = 0; path = Pods_TTBaseUIKitExample.framework; sourceTree = BUILT_PRODUCTS_DIR; };
		EB602716130CA8A1390B2687 /* Pods-TTBaseUIKitExample.debug.xcconfig */ = {isa = PBXFileReference; includeInIndex = 1; lastKnownFileType = text.xcconfig; name = "Pods-TTBaseUIKitExample.debug.xcconfig"; path = "Target Support Files/Pods-TTBaseUIKitExample/Pods-TTBaseUIKitExample.debug.xcconfig"; sourceTree = "<group>"; };
/* End PBXFileReference section */

/* Begin PBXFrameworksBuildPhase section */
		93F0FDC322580B980037C427 /* Frameworks */ = {
			isa = PBXFrameworksBuildPhase;
			buildActionMask = 2147483647;
			files = (
				02DA4C4EC350795A91D8E79A /* Pods_TTBaseUIKitExample.framework in Frameworks */,
			);
			runOnlyForDeploymentPostprocessing = 0;
		};
/* End PBXFrameworksBuildPhase section */

/* Begin PBXGroup section */
		6A34018F88219E181DE14D80 /* Pods */ = {
			isa = PBXGroup;
			children = (
				EB602716130CA8A1390B2687 /* Pods-TTBaseUIKitExample.debug.xcconfig */,
				490EA940706F141AFD6943F7 /* Pods-TTBaseUIKitExample.release.xcconfig */,
			);
			path = Pods;
			sourceTree = "<group>";
		};
		7990B8A23B098324764DD40F /* Frameworks */ = {
			isa = PBXGroup;
			children = (
				A75DC4974845A56EF7D3FF41 /* Pods_TTBaseUIKitExample.framework */,
			);
			name = Frameworks;
			sourceTree = "<group>";
		};
		930F2A5E22AA75050001A511 /* Test */ = {
			isa = PBXGroup;
			children = (
				930F2A5F22AA75100001A511 /* Element.swift */,
			);
			path = Test;
			sourceTree = "<group>";
		};
		93BC0C3822AA60B700E61D3C /* Base */ = {
			isa = PBXGroup;
			children = (
				93BC0C3922AA60C800E61D3C /* BaseUITableViewController.swift */,
				93BC0C3D22AA61EB00E61D3C /* BaseUINavigationView.swift */,
				93BC0C3F22AA622B00E61D3C /* Util.swift */,
				93BC0C4322AA62DC00E61D3C /* BaseUIViewController.swift */,
			);
			path = Base;
			sourceTree = "<group>";
		};
		93BC0C4522AA653700E61D3C /* View */ = {
			isa = PBXGroup;
			children = (
				93BC0C4122AA629500E61D3C /* MenuViewController.swift */,
				93BC0C3B22AA611400E61D3C /* ListCellTestTableViewController.swift */,
				93BC0C4622AA69E300E61D3C /* DemoHeaderView.swift */,
				934B1FFB22ABB6F000140EF7 /* CellTypeTableViewController.swift */,
				934B1FFD22ABBAB400140EF7 /* ShowMessageViewController.swift */,
				9371FA6022AF8923005549E0 /* CoverPresentViewController.swift */,
				9371FA6222AF89F6005549E0 /* DatePickerViewController.swift */,
				9371FA6422AF8A89005549E0 /* EmptyTableViewController.swift */,
			);
			path = View;
			sourceTree = "<group>";
		};
		93F0FDBD22580B980037C427 = {
			isa = PBXGroup;
			children = (
				93F0FDC822580B980037C427 /* TTBaseUIKitExample */,
				93F0FDC722580B980037C427 /* Products */,
				6A34018F88219E181DE14D80 /* Pods */,
				7990B8A23B098324764DD40F /* Frameworks */,
			);
			sourceTree = "<group>";
		};
		93F0FDC722580B980037C427 /* Products */ = {
			isa = PBXGroup;
			children = (
				93F0FDC622580B980037C427 /* TTBaseUIKitExample.app */,
			);
			name = Products;
			sourceTree = "<group>";
		};
		93F0FDC822580B980037C427 /* TTBaseUIKitExample */ = {
			isa = PBXGroup;
			children = (
				930F2A5E22AA75050001A511 /* Test */,
				93BC0C4522AA653700E61D3C /* View */,
				93BC0C3822AA60B700E61D3C /* Base */,
				93F0FDC922580B980037C427 /* AppDelegate.swift */,
				93F0FDCB22580B980037C427 /* TestViewController.swift */,
				93F0FDCD22580B980037C427 /* Main.storyboard */,
				93F0FDD022580B990037C427 /* Assets.xcassets */,
				93F0FDD222580B990037C427 /* LaunchScreen.storyboard */,
				93F0FDD522580B990037C427 /* Info.plist */,
			);
			path = TTBaseUIKitExample;
			sourceTree = "<group>";
		};
/* End PBXGroup section */

/* Begin PBXNativeTarget section */
		93F0FDC522580B980037C427 /* TTBaseUIKitExample */ = {
			isa = PBXNativeTarget;
			buildConfigurationList = 93F0FDD822580B990037C427 /* Build configuration list for PBXNativeTarget "TTBaseUIKitExample" */;
			buildPhases = (
				14594AE5BCCA7EA3878C6583 /* [CP] Check Pods Manifest.lock */,
				93F0FDC222580B980037C427 /* Sources */,
				93F0FDC322580B980037C427 /* Frameworks */,
				93F0FDC422580B980037C427 /* Resources */,
				4549B10D27F20CB4A5C07610 /* [CP] Embed Pods Frameworks */,
			);
			buildRules = (
			);
			dependencies = (
			);
			name = TTBaseUIKitExample;
			productName = TTBaseUIKitExample;
			productReference = 93F0FDC622580B980037C427 /* TTBaseUIKitExample.app */;
			productType = "com.apple.product-type.application";
		};
/* End PBXNativeTarget section */

/* Begin PBXProject section */
		93F0FDBE22580B980037C427 /* Project object */ = {
			isa = PBXProject;
			attributes = {
				LastSwiftUpdateCheck = 1020;
				LastUpgradeCheck = 1020;
				ORGANIZATIONNAME = "Truong Quang Tuan";
				TargetAttributes = {
					93F0FDC522580B980037C427 = {
						CreatedOnToolsVersion = 10.2;
					};
				};
			};
			buildConfigurationList = 93F0FDC122580B980037C427 /* Build configuration list for PBXProject "TTBaseUIKitExample" */;
			compatibilityVersion = "Xcode 9.3";
			developmentRegion = en;
			hasScannedForEncodings = 0;
			knownRegions = (
				en,
				Base,
			);
			mainGroup = 93F0FDBD22580B980037C427;
			productRefGroup = 93F0FDC722580B980037C427 /* Products */;
			projectDirPath = "";
			projectRoot = "";
			targets = (
				93F0FDC522580B980037C427 /* TTBaseUIKitExample */,
			);
		};
/* End PBXProject section */

/* Begin PBXResourcesBuildPhase section */
		93F0FDC422580B980037C427 /* Resources */ = {
			isa = PBXResourcesBuildPhase;
			buildActionMask = 2147483647;
			files = (
				93F0FDD422580B990037C427 /* LaunchScreen.storyboard in Resources */,
				93F0FDD122580B990037C427 /* Assets.xcassets in Resources */,
				93F0FDCF22580B980037C427 /* Main.storyboard in Resources */,
			);
			runOnlyForDeploymentPostprocessing = 0;
		};
/* End PBXResourcesBuildPhase section */

/* Begin PBXShellScriptBuildPhase section */
		14594AE5BCCA7EA3878C6583 /* [CP] Check Pods Manifest.lock */ = {
			isa = PBXShellScriptBuildPhase;
			buildActionMask = 2147483647;
			files = (
			);
			inputFileListPaths = (
			);
			inputPaths = (
				"${PODS_PODFILE_DIR_PATH}/Podfile.lock",
				"${PODS_ROOT}/Manifest.lock",
			);
			name = "[CP] Check Pods Manifest.lock";
			outputFileListPaths = (
			);
			outputPaths = (
				"$(DERIVED_FILE_DIR)/Pods-TTBaseUIKitExample-checkManifestLockResult.txt",
			);
			runOnlyForDeploymentPostprocessing = 0;
			shellPath = /bin/sh;
			shellScript = "diff \"${PODS_PODFILE_DIR_PATH}/Podfile.lock\" \"${PODS_ROOT}/Manifest.lock\" > /dev/null\nif [ $? != 0 ] ; then\n    # print error to STDERR\n    echo \"error: The sandbox is not in sync with the Podfile.lock. Run 'pod install' or update your CocoaPods installation.\" >&2\n    exit 1\nfi\n# This output is used by Xcode 'outputs' to avoid re-running this script phase.\necho \"SUCCESS\" > \"${SCRIPT_OUTPUT_FILE_0}\"\n";
			showEnvVarsInLog = 0;
		};
		4549B10D27F20CB4A5C07610 /* [CP] Embed Pods Frameworks */ = {
			isa = PBXShellScriptBuildPhase;
			buildActionMask = 2147483647;
			files = (
			);
			inputFileListPaths = (
				"${PODS_ROOT}/Target Support Files/Pods-TTBaseUIKitExample/Pods-TTBaseUIKitExample-frameworks-${CONFIGURATION}-input-files.xcfilelist",
			);
			name = "[CP] Embed Pods Frameworks";
			outputFileListPaths = (
				"${PODS_ROOT}/Target Support Files/Pods-TTBaseUIKitExample/Pods-TTBaseUIKitExample-frameworks-${CONFIGURATION}-output-files.xcfilelist",
			);
			runOnlyForDeploymentPostprocessing = 0;
			shellPath = /bin/sh;
			shellScript = "\"${PODS_ROOT}/Target Support Files/Pods-TTBaseUIKitExample/Pods-TTBaseUIKitExample-frameworks.sh\"\n";
			showEnvVarsInLog = 0;
		};
/* End PBXShellScriptBuildPhase section */

/* Begin PBXSourcesBuildPhase section */
		93F0FDC222580B980037C427 /* Sources */ = {
			isa = PBXSourcesBuildPhase;
			buildActionMask = 2147483647;
			files = (
				93BC0C3E22AA61EB00E61D3C /* BaseUINavigationView.swift in Sources */,
				93BC0C4022AA622B00E61D3C /* Util.swift in Sources */,
				9371FA6322AF89F6005549E0 /* DatePickerViewController.swift in Sources */,
				93F0FDCC22580B980037C427 /* TestViewController.swift in Sources */,
				93BC0C4222AA629500E61D3C /* MenuViewController.swift in Sources */,
				9371FA6522AF8A89005549E0 /* EmptyTableViewController.swift in Sources */,
				934B1FFC22ABB6F000140EF7 /* CellTypeTableViewController.swift in Sources */,
				930F2A6022AA75100001A511 /* Element.swift in Sources */,
				9371FA6122AF8923005549E0 /* CoverPresentViewController.swift in Sources */,
				93F0FDCA22580B980037C427 /* AppDelegate.swift in Sources */,
				93BC0C4422AA62DC00E61D3C /* BaseUIViewController.swift in Sources */,
				93BC0C4722AA69E300E61D3C /* DemoHeaderView.swift in Sources */,
				93BC0C3A22AA60C800E61D3C /* BaseUITableViewController.swift in Sources */,
				93BC0C3C22AA611400E61D3C /* ListCellTestTableViewController.swift in Sources */,
				934B1FFE22ABBAB400140EF7 /* ShowMessageViewController.swift in Sources */,
			);
			runOnlyForDeploymentPostprocessing = 0;
		};
/* End PBXSourcesBuildPhase section */

/* Begin PBXVariantGroup section */
		93F0FDCD22580B980037C427 /* Main.storyboard */ = {
			isa = PBXVariantGroup;
			children = (
				93F0FDCE22580B980037C427 /* Base */,
			);
			name = Main.storyboard;
			sourceTree = "<group>";
		};
		93F0FDD222580B990037C427 /* LaunchScreen.storyboard */ = {
			isa = PBXVariantGroup;
			children = (
				93F0FDD322580B990037C427 /* Base */,
			);
			name = LaunchScreen.storyboard;
			sourceTree = "<group>";
		};
/* End PBXVariantGroup section */

/* Begin XCBuildConfiguration section */
		93F0FDD622580B990037C427 /* Debug */ = {
			isa = XCBuildConfiguration;
			buildSettings = {
				ALWAYS_SEARCH_USER_PATHS = NO;
				CLANG_ANALYZER_NONNULL = YES;
				CLANG_ANALYZER_NUMBER_OBJECT_CONVERSION = YES_AGGRESSIVE;
				CLANG_CXX_LANGUAGE_STANDARD = "gnu++14";
				CLANG_CXX_LIBRARY = "libc++";
				CLANG_ENABLE_MODULES = YES;
				CLANG_ENABLE_OBJC_ARC = YES;
				CLANG_ENABLE_OBJC_WEAK = YES;
				CLANG_WARN_BLOCK_CAPTURE_AUTORELEASING = YES;
				CLANG_WARN_BOOL_CONVERSION = YES;
				CLANG_WARN_COMMA = YES;
				CLANG_WARN_CONSTANT_CONVERSION = YES;
				CLANG_WARN_DEPRECATED_OBJC_IMPLEMENTATIONS = YES;
				CLANG_WARN_DIRECT_OBJC_ISA_USAGE = YES_ERROR;
				CLANG_WARN_DOCUMENTATION_COMMENTS = YES;
				CLANG_WARN_EMPTY_BODY = YES;
				CLANG_WARN_ENUM_CONVERSION = YES;
				CLANG_WARN_INFINITE_RECURSION = YES;
				CLANG_WARN_INT_CONVERSION = YES;
				CLANG_WARN_NON_LITERAL_NULL_CONVERSION = YES;
				CLANG_WARN_OBJC_IMPLICIT_RETAIN_SELF = YES;
				CLANG_WARN_OBJC_LITERAL_CONVERSION = YES;
				CLANG_WARN_OBJC_ROOT_CLASS = YES_ERROR;
				CLANG_WARN_RANGE_LOOP_ANALYSIS = YES;
				CLANG_WARN_STRICT_PROTOTYPES = YES;
				CLANG_WARN_SUSPICIOUS_MOVE = YES;
				CLANG_WARN_UNGUARDED_AVAILABILITY = YES_AGGRESSIVE;
				CLANG_WARN_UNREACHABLE_CODE = YES;
				CLANG_WARN__DUPLICATE_METHOD_MATCH = YES;
				CODE_SIGN_IDENTITY = "iPhone Developer";
				COPY_PHASE_STRIP = NO;
				DEBUG_INFORMATION_FORMAT = dwarf;
				ENABLE_STRICT_OBJC_MSGSEND = YES;
				ENABLE_TESTABILITY = YES;
				GCC_C_LANGUAGE_STANDARD = gnu11;
				GCC_DYNAMIC_NO_PIC = NO;
				GCC_NO_COMMON_BLOCKS = YES;
				GCC_OPTIMIZATION_LEVEL = 0;
				GCC_PREPROCESSOR_DEFINITIONS = (
					"DEBUG=1",
					"$(inherited)",
				);
				GCC_WARN_64_TO_32_BIT_CONVERSION = YES;
				GCC_WARN_ABOUT_RETURN_TYPE = YES_ERROR;
				GCC_WARN_UNDECLARED_SELECTOR = YES;
				GCC_WARN_UNINITIALIZED_AUTOS = YES_AGGRESSIVE;
				GCC_WARN_UNUSED_FUNCTION = YES;
				GCC_WARN_UNUSED_VARIABLE = YES;
				IPHONEOS_DEPLOYMENT_TARGET = 10.0;
				MTL_ENABLE_DEBUG_INFO = INCLUDE_SOURCE;
				MTL_FAST_MATH = YES;
				ONLY_ACTIVE_ARCH = YES;
				SDKROOT = iphoneos;
				SWIFT_ACTIVE_COMPILATION_CONDITIONS = DEBUG;
				SWIFT_OPTIMIZATION_LEVEL = "-Onone";
			};
			name = Debug;
		};
		93F0FDD722580B990037C427 /* Release */ = {
			isa = XCBuildConfiguration;
			buildSettings = {
				ALWAYS_SEARCH_USER_PATHS = NO;
				CLANG_ANALYZER_NONNULL = YES;
				CLANG_ANALYZER_NUMBER_OBJECT_CONVERSION = YES_AGGRESSIVE;
				CLANG_CXX_LANGUAGE_STANDARD = "gnu++14";
				CLANG_CXX_LIBRARY = "libc++";
				CLANG_ENABLE_MODULES = YES;
				CLANG_ENABLE_OBJC_ARC = YES;
				CLANG_ENABLE_OBJC_WEAK = YES;
				CLANG_WARN_BLOCK_CAPTURE_AUTORELEASING = YES;
				CLANG_WARN_BOOL_CONVERSION = YES;
				CLANG_WARN_COMMA = YES;
				CLANG_WARN_CONSTANT_CONVERSION = YES;
				CLANG_WARN_DEPRECATED_OBJC_IMPLEMENTATIONS = YES;
				CLANG_WARN_DIRECT_OBJC_ISA_USAGE = YES_ERROR;
				CLANG_WARN_DOCUMENTATION_COMMENTS = YES;
				CLANG_WARN_EMPTY_BODY = YES;
				CLANG_WARN_ENUM_CONVERSION = YES;
				CLANG_WARN_INFINITE_RECURSION = YES;
				CLANG_WARN_INT_CONVERSION = YES;
				CLANG_WARN_NON_LITERAL_NULL_CONVERSION = YES;
				CLANG_WARN_OBJC_IMPLICIT_RETAIN_SELF = YES;
				CLANG_WARN_OBJC_LITERAL_CONVERSION = YES;
				CLANG_WARN_OBJC_ROOT_CLASS = YES_ERROR;
				CLANG_WARN_RANGE_LOOP_ANALYSIS = YES;
				CLANG_WARN_STRICT_PROTOTYPES = YES;
				CLANG_WARN_SUSPICIOUS_MOVE = YES;
				CLANG_WARN_UNGUARDED_AVAILABILITY = YES_AGGRESSIVE;
				CLANG_WARN_UNREACHABLE_CODE = YES;
				CLANG_WARN__DUPLICATE_METHOD_MATCH = YES;
				CODE_SIGN_IDENTITY = "iPhone Developer";
				COPY_PHASE_STRIP = NO;
				DEBUG_INFORMATION_FORMAT = "dwarf-with-dsym";
				ENABLE_NS_ASSERTIONS = NO;
				ENABLE_STRICT_OBJC_MSGSEND = YES;
				GCC_C_LANGUAGE_STANDARD = gnu11;
				GCC_NO_COMMON_BLOCKS = YES;
				GCC_WARN_64_TO_32_BIT_CONVERSION = YES;
				GCC_WARN_ABOUT_RETURN_TYPE = YES_ERROR;
				GCC_WARN_UNDECLARED_SELECTOR = YES;
				GCC_WARN_UNINITIALIZED_AUTOS = YES_AGGRESSIVE;
				GCC_WARN_UNUSED_FUNCTION = YES;
				GCC_WARN_UNUSED_VARIABLE = YES;
				IPHONEOS_DEPLOYMENT_TARGET = 10.0;
				MTL_ENABLE_DEBUG_INFO = NO;
				MTL_FAST_MATH = YES;
				SDKROOT = iphoneos;
				SWIFT_COMPILATION_MODE = wholemodule;
				SWIFT_OPTIMIZATION_LEVEL = "-O";
				VALIDATE_PRODUCT = YES;
			};
			name = Release;
		};
		93F0FDD922580B990037C427 /* Debug */ = {
			isa = XCBuildConfiguration;
			baseConfigurationReference = EB602716130CA8A1390B2687 /* Pods-TTBaseUIKitExample.debug.xcconfig */;
			buildSettings = {
				ASSETCATALOG_COMPILER_APPICON_NAME = AppIcon;
				CODE_SIGN_STYLE = Automatic;
				DEVELOPMENT_TEAM = NWP32GXP5M;
				INFOPLIST_FILE = TTBaseUIKitExample/Info.plist;
				IPHONEOS_DEPLOYMENT_TARGET = 10.0;
				LD_RUNPATH_SEARCH_PATHS = (
					"$(inherited)",
					"@executable_path/Frameworks",
				);
				PRODUCT_BUNDLE_IDENTIFIER = TQT.TTBaseUIKitExample;
				PRODUCT_NAME = "$(TARGET_NAME)";
				SWIFT_VERSION = 5.0;
				TARGETED_DEVICE_FAMILY = "1,2";
			};
			name = Debug;
		};
		93F0FDDA22580B990037C427 /* Release */ = {
			isa = XCBuildConfiguration;
			baseConfigurationReference = 490EA940706F141AFD6943F7 /* Pods-TTBaseUIKitExample.release.xcconfig */;
			buildSettings = {
				ASSETCATALOG_COMPILER_APPICON_NAME = AppIcon;
				CODE_SIGN_STYLE = Automatic;
				DEVELOPMENT_TEAM = NWP32GXP5M;
				INFOPLIST_FILE = TTBaseUIKitExample/Info.plist;
				IPHONEOS_DEPLOYMENT_TARGET = 10.0;
				LD_RUNPATH_SEARCH_PATHS = (
					"$(inherited)",
					"@executable_path/Frameworks",
				);
				PRODUCT_BUNDLE_IDENTIFIER = TQT.TTBaseUIKitExample;
				PRODUCT_NAME = "$(TARGET_NAME)";
				SWIFT_VERSION = 5.0;
				TARGETED_DEVICE_FAMILY = "1,2";
			};
			name = Release;
		};
/* End XCBuildConfiguration section */

/* Begin XCConfigurationList section */
		93F0FDC122580B980037C427 /* Build configuration list for PBXProject "TTBaseUIKitExample" */ = {
			isa = XCConfigurationList;
			buildConfigurations = (
				93F0FDD622580B990037C427 /* Debug */,
				93F0FDD722580B990037C427 /* Release */,
			);
			defaultConfigurationIsVisible = 0;
			defaultConfigurationName = Release;
		};
		93F0FDD822580B990037C427 /* Build configuration list for PBXNativeTarget "TTBaseUIKitExample" */ = {
			isa = XCConfigurationList;
			buildConfigurations = (
				93F0FDD922580B990037C427 /* Debug */,
				93F0FDDA22580B990037C427 /* Release */,
			);
			defaultConfigurationIsVisible = 0;
			defaultConfigurationName = Release;
		};
/* End XCConfigurationList section */
	};
	rootObject = 93F0FDBE22580B980037C427 /* Project object */;
}
