// !$*UTF8*$!
{
	archiveVersion = 1;
	classes = {
	};
	objectVersion = 60;
	objects = {

/* Begin PBXBuildFile section */
		0028E830AF341FB2C0363F71 /* ProductSkeletonView.swift in Sources */ = {isa = PBXBuildFile; fileRef = 60C529A08CC0498031397EB3 /* ProductSkeletonView.swift */; };
		1602EA24373D06810C0A26B5 /* AppCoordinator.swift in Sources */ = {isa = PBXBuildFile; fileRef = B9E5A0FB26EDDE96079EDFE0 /* AppCoordinator.swift */; };
		184A071C3AC8944C7273066F /* MenuViewModel.swift in Sources */ = {isa = PBXBuildFile; fileRef = 006254801661336BF3428897 /* MenuViewModel.swift */; };
		38429831D69A18F4C0C6851A /* MenuCoordinator.swift in Sources */ = {isa = PBXBuildFile; fileRef = 11C5E546F916F978D8C3A332 /* MenuCoordinator.swift */; };
		3BDAEC45CEA85B0B20443629 /* MenuFunction.swift in Sources */ = {isa = PBXBuildFile; fileRef = CA7CCC62DDFD5D62CB195EBE /* MenuFunction.swift */; };
		466979BE6EEBDB7167D2FFDA /* ProductCatalogView.swift in Sources */ = {isa = PBXBuildFile; fileRef = 7E321641A2A6CF91E318902E /* ProductCatalogView.swift */; };
		7B3890DC530F4C9B756213A2 /* MenuSection.swift in Sources */ = {isa = PBXBuildFile; fileRef = C46D17AB052AA4041BEE8046 /* MenuSection.swift */; };
		884E61CF1A1FDCDBA0318943 /* BaseViewModel.swift in Sources */ = {isa = PBXBuildFile; fileRef = 0F84E93664C1C38D623B48A2 /* BaseViewModel.swift */; };
		90A6302E564C2676141E883D /* ProductService.swift in Sources */ = {isa = PBXBuildFile; fileRef = 3CC6F04F3E7AF9B374A13B6D /* ProductService.swift */; };
		934B1FFC22ABB6F000140EF7 /* CellTypeTableViewController.swift in Sources */ = {isa = PBXBuildFile; fileRef = 934B1FFB22ABB6F000140EF7 /* CellTypeTableViewController.swift */; };
		934B1FFE22ABBAB400140EF7 /* ShowMessageViewController.swift in Sources */ = {isa = PBXBuildFile; fileRef = 934B1FFD22ABBAB400140EF7 /* ShowMessageViewController.swift */; };
		9371FA6122AF8923005549E0 /* CoverPresentViewController.swift in Sources */ = {isa = PBXBuildFile; fileRef = 9371FA6022AF8923005549E0 /* CoverPresentViewController.swift */; };
		9371FA6322AF89F6005549E0 /* DatePickerViewController.swift in Sources */ = {isa = PBXBuildFile; fileRef = 9371FA6222AF89F6005549E0 /* DatePickerViewController.swift */; };
		9371FA6522AF8A89005549E0 /* EmptyTableViewController.swift in Sources */ = {isa = PBXBuildFile; fileRef = 9371FA6422AF8A89005549E0 /* EmptyTableViewController.swift */; };
		93BC0C3A22AA60C800E61D3C /* BaseUITableViewController.swift in Sources */ = {isa = PBXBuildFile; fileRef = 93BC0C3922AA60C800E61D3C /* BaseUITableViewController.swift */; };
		93BC0C3C22AA611400E61D3C /* ListCellTestTableViewController.swift in Sources */ = {isa = PBXBuildFile; fileRef = 93BC0C3B22AA611400E61D3C /* ListCellTestTableViewController.swift */; };
		93BC0C3E22AA61EB00E61D3C /* BaseUINavigationView.swift in Sources */ = {isa = PBXBuildFile; fileRef = 93BC0C3D22AA61EB00E61D3C /* BaseUINavigationView.swift */; };
		93BC0C4022AA622B00E61D3C /* ConfigAccessors.swift in Sources */ = {isa = PBXBuildFile; fileRef = 93BC0C3F22AA622B00E61D3C /* ConfigAccessors.swift */; };
		93BC0C4222AA629500E61D3C /* MenuViewController.swift in Sources */ = {isa = PBXBuildFile; fileRef = 93BC0C4122AA629500E61D3C /* MenuViewController.swift */; };
		93BC0C4422AA62DC00E61D3C /* BaseUIViewController.swift in Sources */ = {isa = PBXBuildFile; fileRef = 93BC0C4322AA62DC00E61D3C /* BaseUIViewController.swift */; };
		93BC0C4722AA69E300E61D3C /* DemoHeaderView.swift in Sources */ = {isa = PBXBuildFile; fileRef = 93BC0C4622AA69E300E61D3C /* DemoHeaderView.swift */; };
		93F0FDCA22580B980037C427 /* AppDelegate.swift in Sources */ = {isa = PBXBuildFile; fileRef = 93F0FDC922580B980037C427 /* AppDelegate.swift */; };
		93F0FDCF22580B980037C427 /* Main.storyboard in Resources */ = {isa = PBXBuildFile; fileRef = 93F0FDCD22580B980037C427 /* Main.storyboard */; };
		93F0FDD122580B990037C427 /* Assets.xcassets in Resources */ = {isa = PBXBuildFile; fileRef = 93F0FDD022580B990037C427 /* Assets.xcassets */; };
		93F0FDD422580B990037C427 /* LaunchScreen.storyboard in Resources */ = {isa = PBXBuildFile; fileRef = 93F0FDD222580B990037C427 /* LaunchScreen.storyboard */; };
		A2722B8F48C14620DAEBA6C4 /* ViewModelProtocol.swift in Sources */ = {isa = PBXBuildFile; fileRef = 7D96CE090E13237E46E271DD /* ViewModelProtocol.swift */; };
		B51DE2135142990B7D2EEE9E /* Product.swift in Sources */ = {isa = PBXBuildFile; fileRef = 4CEDA55A2481E632EE54647C /* Product.swift */; };
		BC13C7172F34920000E679E6 /* ContactVC.swift in Sources */ = {isa = PBXBuildFile; fileRef = BC13C7162F34920000E679E6 /* ContactVC.swift */; };
		BC2452CA2C5BB1FE00D3FEC5 /* BaseSetupConstraintsViewController.swift in Sources */ = {isa = PBXBuildFile; fileRef = BC2452C62C5BB1FE00D3FEC5 /* BaseSetupConstraintsViewController.swift */; };
		BC2452CB2C5BB1FE00D3FEC5 /* BaseSetupConstraintsViewModel.swift in Sources */ = {isa = PBXBuildFile; fileRef = BC2452C82C5BB1FE00D3FEC5 /* BaseSetupConstraintsViewModel.swift */; };
		BC2452CD2C5BB5B200D3FEC5 /* AdvanceSetupConstraintsViewController.swift in Sources */ = {isa = PBXBuildFile; fileRef = BC2452CC2C5BB5B200D3FEC5 /* AdvanceSetupConstraintsViewController.swift */; };
		BC2452DF2C5C7EF200D3FEC5 /* ShowPriceCalendarView.swift in Sources */ = {isa = PBXBuildFile; fileRef = BC2452CF2C5C7EF200D3FEC5 /* ShowPriceCalendarView.swift */; };
		BC2452E02C5C7EF200D3FEC5 /* CalendarPopupViewController.swift in Sources */ = {isa = PBXBuildFile; fileRef = BC2452D12C5C7EF200D3FEC5 /* CalendarPopupViewController.swift */; };
		BC2452E12C5C7EF200D3FEC5 /* CalendarPopupViewModel.swift in Sources */ = {isa = PBXBuildFile; fileRef = BC2452D22C5C7EF200D3FEC5 /* CalendarPopupViewModel.swift */; };
		BC2452E22C5C7EF200D3FEC5 /* MonthView.swift in Sources */ = {isa = PBXBuildFile; fileRef = BC2452D42C5C7EF200D3FEC5 /* MonthView.swift */; };
		BC2452E32C5C7EF200D3FEC5 /* WeekView.swift in Sources */ = {isa = PBXBuildFile; fileRef = BC2452D52C5C7EF200D3FEC5 /* WeekView.swift */; };
		BC2452E42C5C7EF200D3FEC5 /* CalendarCollectionCellViewModel.swift in Sources */ = {isa = PBXBuildFile; fileRef = BC2452D72C5C7EF200D3FEC5 /* CalendarCollectionCellViewModel.swift */; };
		BC2452E52C5C7EF200D3FEC5 /* CalendarCollectionViewCell.swift in Sources */ = {isa = PBXBuildFile; fileRef = BC2452D92C5C7EF200D3FEC5 /* CalendarCollectionViewCell.swift */; };
		BC2452E62C5C7EF200D3FEC5 /* CalendarViewModel.swift in Sources */ = {isa = PBXBuildFile; fileRef = BC2452DB2C5C7EF200D3FEC5 /* CalendarViewModel.swift */; };
		BC2452E72C5C7EF200D3FEC5 /* CalendarCollectionView.swift in Sources */ = {isa = PBXBuildFile; fileRef = BC2452DD2C5C7EF200D3FEC5 /* CalendarCollectionView.swift */; };
		BC2452E92C5C7F0700D3FEC5 /* BaseIconLeftRightTitleView.swift in Sources */ = {isa = PBXBuildFile; fileRef = BC2452E82C5C7F0700D3FEC5 /* BaseIconLeftRightTitleView.swift */; };
		BC2452EB2C5C7FBC00D3FEC5 /* BasePopupViewController.swift in Sources */ = {isa = PBXBuildFile; fileRef = BC2452EA2C5C7FBC00D3FEC5 /* BasePopupViewController.swift */; };
		BC2452EE2C5C8F2600D3FEC5 /* SUIBaseViewDemo.swift in Sources */ = {isa = PBXBuildFile; fileRef = BC2452ED2C5C8F2600D3FEC5 /* SUIBaseViewDemo.swift */; };
		BC2452F02C5C92DA00D3FEC5 /* BaseSwiftUINavView.swift in Sources */ = {isa = PBXBuildFile; fileRef = BC2452EF2C5C92DA00D3FEC5 /* BaseSwiftUINavView.swift */; };
		BC2452F22C5C9B5900D3FEC5 /* BaseSwiftUIButtonDemo.swift in Sources */ = {isa = PBXBuildFile; fileRef = BC2452F12C5C9B5900D3FEC5 /* BaseSwiftUIButtonDemo.swift */; };
		BC2452F42C5C9CF700D3FEC5 /* BaseSwiftUITextDemo.swift in Sources */ = {isa = PBXBuildFile; fileRef = BC2452F32C5C9CF700D3FEC5 /* BaseSwiftUITextDemo.swift */; };
		BC2FD3FC2F615B8700FC6984 /* TTBaseUIKit in Frameworks */ = {isa = PBXBuildFile; productRef = BC2FD3FB2F615B8700FC6984 /* TTBaseUIKit */; };
		BC3EBAA72F31A873008C258B /* TTBaseUIKit in Frameworks */ = {isa = PBXBuildFile; productRef = BC3EBAA62F31A873008C258B /* TTBaseUIKit */; };
		BC3EBAA92F31A8B5008C258B /* TabBarController.swift in Sources */ = {isa = PBXBuildFile; fileRef = BC3EBAA82F31A8B5008C258B /* TabBarController.swift */; };
		BC57F5552F7A409D00CCBE21 /* TTBaseUIKit in Frameworks */ = {isa = PBXBuildFile; productRef = BC57F5542F7A409D00CCBE21 /* TTBaseUIKit */; };
		BC78A9AE2C525308008E0BA4 /* WebViewController.swift in Sources */ = {isa = PBXBuildFile; fileRef = BC78A9AD2C525308008E0BA4 /* WebViewController.swift */; };
		BC8166A32E378C9A000D6708 /* TTBaseUIKit in Frameworks */ = {isa = PBXBuildFile; productRef = BC8166A22E378C9A000D6708 /* TTBaseUIKit */; };
		BC8B92E12ED830DB005E7398 /* BaseSwiftUINewVersionDemo.swift in Sources */ = {isa = PBXBuildFile; fileRef = BC8B92E02ED830DB005E7398 /* BaseSwiftUINewVersionDemo.swift */; };
		BC9F522D2ED43D600089C15A /* SkeletonTableViewController.swift in Sources */ = {isa = PBXBuildFile; fileRef = BC9F522C2ED43D600089C15A /* SkeletonTableViewController.swift */; };
		BC9F522F2ED440CA0089C15A /* BaseSwiftUISkeletonScrollStackDemo.swift in Sources */ = {isa = PBXBuildFile; fileRef = BC9F522E2ED440CA0089C15A /* BaseSwiftUISkeletonScrollStackDemo.swift */; };
		BCA2808B2C59FC3D00472024 /* BaseComponentsViewModel.swift in Sources */ = {isa = PBXBuildFile; fileRef = BCA280882C59FC3D00472024 /* BaseComponentsViewModel.swift */; };
		BCA2808C2C59FC3D00472024 /* BaseComponentsViewController.swift in Sources */ = {isa = PBXBuildFile; fileRef = BCA2808A2C59FC3D00472024 /* BaseComponentsViewController.swift */; };
		BCA2808E2C5A1FF300472024 /* DemoCustomView.swift in Sources */ = {isa = PBXBuildFile; fileRef = BCA2808D2C5A1FF300472024 /* DemoCustomView.swift */; };
		BCA2809A2C5A4ED600472024 /* BaseCollectionViewViewController.swift in Sources */ = {isa = PBXBuildFile; fileRef = BCA280962C5A4ED600472024 /* BaseCollectionViewViewController.swift */; };
		BCA2809B2C5A4ED600472024 /* BaseCollectionViewViewModel.swift in Sources */ = {isa = PBXBuildFile; fileRef = BCA280982C5A4ED600472024 /* BaseCollectionViewViewModel.swift */; };
		BCA2809D2C5A4F9A00472024 /* HomeNewHealthProductsViewCollectionCell.swift in Sources */ = {isa = PBXBuildFile; fileRef = BCA2809C2C5A4F9A00472024 /* HomeNewHealthProductsViewCollectionCell.swift */; };
		BCB90CDD2ED06AFD00125913 /* TTBaseUIKit in Frameworks */ = {isa = PBXBuildFile; productRef = BCB90CDC2ED06AFD00125913 /* TTBaseUIKit */; };
		BCCD6BB02C5E020E00DA9164 /* BaseSwiftUIImageDemo.swift in Sources */ = {isa = PBXBuildFile; fileRef = BCCD6BAF2C5E020E00DA9164 /* BaseSwiftUIImageDemo.swift */; };
		BCCD6BB22C5E047500DA9164 /* BaseSwiftUIScrollStackDemo.swift in Sources */ = {isa = PBXBuildFile; fileRef = BCCD6BB12C5E047500DA9164 /* BaseSwiftUIScrollStackDemo.swift */; };
		BCCD6BB42C5E04DF00DA9164 /* BaseSwiftUIStackDemo.swift in Sources */ = {isa = PBXBuildFile; fileRef = BCCD6BB32C5E04DF00DA9164 /* BaseSwiftUIStackDemo.swift */; };
		BCCD6BB62C5E069700DA9164 /* BaseSwiftUISpacerDemo.swift in Sources */ = {isa = PBXBuildFile; fileRef = BCCD6BB52C5E069700DA9164 /* BaseSwiftUISpacerDemo.swift */; };
		BCCD6BB82C5E072F00DA9164 /* BaseSwiftUIDividerDemo.swift in Sources */ = {isa = PBXBuildFile; fileRef = BCCD6BB72C5E072F00DA9164 /* BaseSwiftUIDividerDemo.swift */; };
		BCCF1A4B2E3A0EA2001BF6A3 /* TTBaseUIKit in Frameworks */ = {isa = PBXBuildFile; productRef = BCCF1A4A2E3A0EA2001BF6A3 /* TTBaseUIKit */; };
		BCCF1A4E2E3A1346001BF6A3 /* TTBaseUIKit in Frameworks */ = {isa = PBXBuildFile; productRef = BCCF1A4D2E3A1346001BF6A3 /* TTBaseUIKit */; };
		BCD8B24D2D895CA5000A53CF /* BaseCustomFlowLayoutCollectionViewController.swift in Sources */ = {isa = PBXBuildFile; fileRef = BCD8B24C2D895CA5000A53CF /* BaseCustomFlowLayoutCollectionViewController.swift */; };
		BCD8B24F2D895D57000A53CF /* BaseCustomUICollectionFlowLayoutViewCell.swift in Sources */ = {isa = PBXBuildFile; fileRef = BCD8B24E2D895D57000A53CF /* BaseCustomUICollectionFlowLayoutViewCell.swift */; };
		BCF1F3512C58FD7C0062610C /* UIViewController+Extensions.swift in Sources */ = {isa = PBXBuildFile; fileRef = BCF1F3502C58FD7C0062610C /* UIViewController+Extensions.swift */; };
		BCF1F36B2C58FF990062610C /* DemoViewController.swift in Sources */ = {isa = PBXBuildFile; fileRef = BCF1F3672C58FF990062610C /* DemoViewController.swift */; };
		BCF1F36C2C58FF990062610C /* DemoViewModel.swift in Sources */ = {isa = PBXBuildFile; fileRef = BCF1F3692C58FF990062610C /* DemoViewModel.swift */; };
		BCF1F36F2C59002D0062610C /* ResponseMessage.swift in Sources */ = {isa = PBXBuildFile; fileRef = BCF1F36E2C59002D0062610C /* ResponseMessage.swift */; };
		BCF1F3812C5906A60062610C /* BaseTableViewModel.swift in Sources */ = {isa = PBXBuildFile; fileRef = BCF1F37D2C5906A60062610C /* BaseTableViewModel.swift */; };
		BCF1F3822C5906A60062610C /* BaseTableViewController.swift in Sources */ = {isa = PBXBuildFile; fileRef = BCF1F3802C5906A60062610C /* BaseTableViewController.swift */; };
		BCF1F3842C5906CE0062610C /* DemoTableViewCell.swift in Sources */ = {isa = PBXBuildFile; fileRef = BCF1F3832C5906CE0062610C /* DemoTableViewCell.swift */; };
		C0ED494840942C6BBF9A0650 /* Coordinator.swift in Sources */ = {isa = PBXBuildFile; fileRef = 68A406A7928640BFF354ADAD /* Coordinator.swift */; };
		DCCCC25A15307F4FC1CFD1A1 /* ProductCatalogViewModel.swift in Sources */ = {isa = PBXBuildFile; fileRef = 1D849CF42674BB6B2793E3F9 /* ProductCatalogViewModel.swift */; };
		EEE9A8E570E74A87121761F6 /* ProductCardView.swift in Sources */ = {isa = PBXBuildFile; fileRef = 1A222992F0BDA693858A9790 /* ProductCardView.swift */; };
		F822D9665D1B561944F56118 /* ProductDetailView.swift in Sources */ = {isa = PBXBuildFile; fileRef = BCACA7B235B716E78B033CA4 /* ProductDetailView.swift */; };
/* End PBXBuildFile section */

/* Begin PBXFileReference section */
		006254801661336BF3428897 /* MenuViewModel.swift */ = {isa = PBXFileReference; lastKnownFileType = sourcecode.swift; path = MenuViewModel.swift; sourceTree = "<group>"; };
		0F84E93664C1C38D623B48A2 /* BaseViewModel.swift */ = {isa = PBXFileReference; lastKnownFileType = sourcecode.swift; path = BaseViewModel.swift; sourceTree = "<group>"; };
		11C5E546F916F978D8C3A332 /* MenuCoordinator.swift */ = {isa = PBXFileReference; lastKnownFileType = sourcecode.swift; path = MenuCoordinator.swift; sourceTree = "<group>"; };
		1A222992F0BDA693858A9790 /* ProductCardView.swift */ = {isa = PBXFileReference; lastKnownFileType = sourcecode.swift; path = ProductCardView.swift; sourceTree = "<group>"; };
		1D849CF42674BB6B2793E3F9 /* ProductCatalogViewModel.swift */ = {isa = PBXFileReference; lastKnownFileType = sourcecode.swift; path = ProductCatalogViewModel.swift; sourceTree = "<group>"; };
		3CC6F04F3E7AF9B374A13B6D /* ProductService.swift */ = {isa = PBXFileReference; lastKnownFileType = sourcecode.swift; path = ProductService.swift; sourceTree = "<group>"; };
		4CEDA55A2481E632EE54647C /* Product.swift */ = {isa = PBXFileReference; lastKnownFileType = sourcecode.swift; path = Product.swift; sourceTree = "<group>"; };
		60C529A08CC0498031397EB3 /* ProductSkeletonView.swift */ = {isa = PBXFileReference; lastKnownFileType = sourcecode.swift; path = ProductSkeletonView.swift; sourceTree = "<group>"; };
		68A406A7928640BFF354ADAD /* Coordinator.swift */ = {isa = PBXFileReference; lastKnownFileType = sourcecode.swift; path = Coordinator.swift; sourceTree = "<group>"; };
		7D96CE090E13237E46E271DD /* ViewModelProtocol.swift */ = {isa = PBXFileReference; lastKnownFileType = sourcecode.swift; path = ViewModelProtocol.swift; sourceTree = "<group>"; };
		7E321641A2A6CF91E318902E /* ProductCatalogView.swift */ = {isa = PBXFileReference; lastKnownFileType = sourcecode.swift; path = ProductCatalogView.swift; sourceTree = "<group>"; };
		934B1FFB22ABB6F000140EF7 /* CellTypeTableViewController.swift */ = {isa = PBXFileReference; lastKnownFileType = sourcecode.swift; path = CellTypeTableViewController.swift; sourceTree = "<group>"; };
		934B1FFD22ABBAB400140EF7 /* ShowMessageViewController.swift */ = {isa = PBXFileReference; lastKnownFileType = sourcecode.swift; path = ShowMessageViewController.swift; sourceTree = "<group>"; };
		9371FA6022AF8923005549E0 /* CoverPresentViewController.swift */ = {isa = PBXFileReference; lastKnownFileType = sourcecode.swift; path = CoverPresentViewController.swift; sourceTree = "<group>"; };
		9371FA6222AF89F6005549E0 /* DatePickerViewController.swift */ = {isa = PBXFileReference; lastKnownFileType = sourcecode.swift; path = DatePickerViewController.swift; sourceTree = "<group>"; };
		9371FA6422AF8A89005549E0 /* EmptyTableViewController.swift */ = {isa = PBXFileReference; lastKnownFileType = sourcecode.swift; path = EmptyTableViewController.swift; sourceTree = "<group>"; };
		93BC0C3922AA60C800E61D3C /* BaseUITableViewController.swift */ = {isa = PBXFileReference; lastKnownFileType = sourcecode.swift; path = BaseUITableViewController.swift; sourceTree = "<group>"; };
		93BC0C3B22AA611400E61D3C /* ListCellTestTableViewController.swift */ = {isa = PBXFileReference; lastKnownFileType = sourcecode.swift; path = ListCellTestTableViewController.swift; sourceTree = "<group>"; };
		93BC0C3D22AA61EB00E61D3C /* BaseUINavigationView.swift */ = {isa = PBXFileReference; lastKnownFileType = sourcecode.swift; path = BaseUINavigationView.swift; sourceTree = "<group>"; };
		93BC0C3F22AA622B00E61D3C /* ConfigAccessors.swift */ = {isa = PBXFileReference; lastKnownFileType = sourcecode.swift; path = ConfigAccessors.swift; sourceTree = "<group>"; };
		93BC0C4122AA629500E61D3C /* MenuViewController.swift */ = {isa = PBXFileReference; lastKnownFileType = sourcecode.swift; path = MenuViewController.swift; sourceTree = "<group>"; };
		93BC0C4322AA62DC00E61D3C /* BaseUIViewController.swift */ = {isa = PBXFileReference; lastKnownFileType = sourcecode.swift; path = BaseUIViewController.swift; sourceTree = "<group>"; };
		93BC0C4622AA69E300E61D3C /* DemoHeaderView.swift */ = {isa = PBXFileReference; lastKnownFileType = sourcecode.swift; path = DemoHeaderView.swift; sourceTree = "<group>"; };
		93F0FDC622580B980037C427 /* TTBaseUIKitExample.app */ = {isa = PBXFileReference; explicitFileType = wrapper.application; includeInIndex = 0; path = TTBaseUIKitExample.app; sourceTree = BUILT_PRODUCTS_DIR; };
		93F0FDC922580B980037C427 /* AppDelegate.swift */ = {isa = PBXFileReference; lastKnownFileType = sourcecode.swift; path = AppDelegate.swift; sourceTree = "<group>"; };
		93F0FDCE22580B980037C427 /* Base */ = {isa = PBXFileReference; lastKnownFileType = file.storyboard; name = Base; path = Base.lproj/Main.storyboard; sourceTree = "<group>"; };
		93F0FDD022580B990037C427 /* Assets.xcassets */ = {isa = PBXFileReference; lastKnownFileType = folder.assetcatalog; path = Assets.xcassets; sourceTree = "<group>"; };
		93F0FDD322580B990037C427 /* Base */ = {isa = PBXFileReference; lastKnownFileType = file.storyboard; name = Base; path = Base.lproj/LaunchScreen.storyboard; sourceTree = "<group>"; };
		93F0FDD522580B990037C427 /* Info.plist */ = {isa = PBXFileReference; lastKnownFileType = text.plist.xml; path = Info.plist; sourceTree = "<group>"; };
		B9E5A0FB26EDDE96079EDFE0 /* AppCoordinator.swift */ = {isa = PBXFileReference; lastKnownFileType = sourcecode.swift; path = AppCoordinator.swift; sourceTree = "<group>"; };
		BC13C7162F34920000E679E6 /* ContactVC.swift */ = {isa = PBXFileReference; lastKnownFileType = sourcecode.swift; path = ContactVC.swift; sourceTree = "<group>"; };
		BC2452C62C5BB1FE00D3FEC5 /* BaseSetupConstraintsViewController.swift */ = {isa = PBXFileReference; lastKnownFileType = sourcecode.swift; path = BaseSetupConstraintsViewController.swift; sourceTree = "<group>"; };
		BC2452C82C5BB1FE00D3FEC5 /* BaseSetupConstraintsViewModel.swift */ = {isa = PBXFileReference; lastKnownFileType = sourcecode.swift; path = BaseSetupConstraintsViewModel.swift; sourceTree = "<group>"; };
		BC2452CC2C5BB5B200D3FEC5 /* AdvanceSetupConstraintsViewController.swift */ = {isa = PBXFileReference; lastKnownFileType = sourcecode.swift; path = AdvanceSetupConstraintsViewController.swift; sourceTree = "<group>"; };
		BC2452CF2C5C7EF200D3FEC5 /* ShowPriceCalendarView.swift */ = {isa = PBXFileReference; lastKnownFileType = sourcecode.swift; path = ShowPriceCalendarView.swift; sourceTree = "<group>"; };
		BC2452D12C5C7EF200D3FEC5 /* CalendarPopupViewController.swift */ = {isa = PBXFileReference; lastKnownFileType = sourcecode.swift; path = CalendarPopupViewController.swift; sourceTree = "<group>"; };
		BC2452D22C5C7EF200D3FEC5 /* CalendarPopupViewModel.swift */ = {isa = PBXFileReference; lastKnownFileType = sourcecode.swift; path = CalendarPopupViewModel.swift; sourceTree = "<group>"; };
		BC2452D42C5C7EF200D3FEC5 /* MonthView.swift */ = {isa = PBXFileReference; lastKnownFileType = sourcecode.swift; path = MonthView.swift; sourceTree = "<group>"; };
		BC2452D52C5C7EF200D3FEC5 /* WeekView.swift */ = {isa = PBXFileReference; lastKnownFileType = sourcecode.swift; path = WeekView.swift; sourceTree = "<group>"; };
		BC2452D72C5C7EF200D3FEC5 /* CalendarCollectionCellViewModel.swift */ = {isa = PBXFileReference; lastKnownFileType = sourcecode.swift; path = CalendarCollectionCellViewModel.swift; sourceTree = "<group>"; };
		BC2452D92C5C7EF200D3FEC5 /* CalendarCollectionViewCell.swift */ = {isa = PBXFileReference; lastKnownFileType = sourcecode.swift; path = CalendarCollectionViewCell.swift; sourceTree = "<group>"; };
		BC2452DB2C5C7EF200D3FEC5 /* CalendarViewModel.swift */ = {isa = PBXFileReference; lastKnownFileType = sourcecode.swift; path = CalendarViewModel.swift; sourceTree = "<group>"; };
		BC2452DD2C5C7EF200D3FEC5 /* CalendarCollectionView.swift */ = {isa = PBXFileReference; lastKnownFileType = sourcecode.swift; path = CalendarCollectionView.swift; sourceTree = "<group>"; };
		BC2452E82C5C7F0700D3FEC5 /* BaseIconLeftRightTitleView.swift */ = {isa = PBXFileReference; lastKnownFileType = sourcecode.swift; path = BaseIconLeftRightTitleView.swift; sourceTree = "<group>"; };
		BC2452EA2C5C7FBC00D3FEC5 /* BasePopupViewController.swift */ = {isa = PBXFileReference; lastKnownFileType = sourcecode.swift; path = BasePopupViewController.swift; sourceTree = "<group>"; };
		BC2452ED2C5C8F2600D3FEC5 /* SUIBaseViewDemo.swift */ = {isa = PBXFileReference; lastKnownFileType = sourcecode.swift; path = SUIBaseViewDemo.swift; sourceTree = "<group>"; };
		BC2452EF2C5C92DA00D3FEC5 /* BaseSwiftUINavView.swift */ = {isa = PBXFileReference; lastKnownFileType = sourcecode.swift; path = BaseSwiftUINavView.swift; sourceTree = "<group>"; };
		BC2452F12C5C9B5900D3FEC5 /* BaseSwiftUIButtonDemo.swift */ = {isa = PBXFileReference; lastKnownFileType = sourcecode.swift; path = BaseSwiftUIButtonDemo.swift; sourceTree = "<group>"; };
		BC2452F32C5C9CF700D3FEC5 /* BaseSwiftUITextDemo.swift */ = {isa = PBXFileReference; lastKnownFileType = sourcecode.swift; path = BaseSwiftUITextDemo.swift; sourceTree = "<group>"; };
		BC3EBAA82F31A8B5008C258B /* TabBarController.swift */ = {isa = PBXFileReference; lastKnownFileType = sourcecode.swift; path = TabBarController.swift; sourceTree = "<group>"; };
		BC78A9AD2C525308008E0BA4 /* WebViewController.swift */ = {isa = PBXFileReference; lastKnownFileType = sourcecode.swift; path = WebViewController.swift; sourceTree = "<group>"; };
		BC8B92E02ED830DB005E7398 /* BaseSwiftUINewVersionDemo.swift */ = {isa = PBXFileReference; lastKnownFileType = sourcecode.swift; path = BaseSwiftUINewVersionDemo.swift; sourceTree = "<group>"; };
		BC9F522C2ED43D600089C15A /* SkeletonTableViewController.swift */ = {isa = PBXFileReference; lastKnownFileType = sourcecode.swift; path = SkeletonTableViewController.swift; sourceTree = "<group>"; };
		BC9F522E2ED440CA0089C15A /* BaseSwiftUISkeletonScrollStackDemo.swift */ = {isa = PBXFileReference; lastKnownFileType = sourcecode.swift; path = BaseSwiftUISkeletonScrollStackDemo.swift; sourceTree = "<group>"; };
		BCA280882C59FC3D00472024 /* BaseComponentsViewModel.swift */ = {isa = PBXFileReference; lastKnownFileType = sourcecode.swift; path = BaseComponentsViewModel.swift; sourceTree = "<group>"; };
		BCA2808A2C59FC3D00472024 /* BaseComponentsViewController.swift */ = {isa = PBXFileReference; lastKnownFileType = sourcecode.swift; path = BaseComponentsViewController.swift; sourceTree = "<group>"; };
		BCA2808D2C5A1FF300472024 /* DemoCustomView.swift */ = {isa = PBXFileReference; lastKnownFileType = sourcecode.swift; path = DemoCustomView.swift; sourceTree = "<group>"; };
		BCA280962C5A4ED600472024 /* BaseCollectionViewViewController.swift */ = {isa = PBXFileReference; lastKnownFileType = sourcecode.swift; path = BaseCollectionViewViewController.swift; sourceTree = "<group>"; };
		BCA280982C5A4ED600472024 /* BaseCollectionViewViewModel.swift */ = {isa = PBXFileReference; lastKnownFileType = sourcecode.swift; path = BaseCollectionViewViewModel.swift; sourceTree = "<group>"; };
		BCA2809C2C5A4F9A00472024 /* HomeNewHealthProductsViewCollectionCell.swift */ = {isa = PBXFileReference; lastKnownFileType = sourcecode.swift; path = HomeNewHealthProductsViewCollectionCell.swift; sourceTree = "<group>"; };
		BCACA7B235B716E78B033CA4 /* ProductDetailView.swift */ = {isa = PBXFileReference; lastKnownFileType = sourcecode.swift; path = ProductDetailView.swift; sourceTree = "<group>"; };
		BCCD6BAF2C5E020E00DA9164 /* BaseSwiftUIImageDemo.swift */ = {isa = PBXFileReference; lastKnownFileType = sourcecode.swift; path = BaseSwiftUIImageDemo.swift; sourceTree = "<group>"; };
		BCCD6BB12C5E047500DA9164 /* BaseSwiftUIScrollStackDemo.swift */ = {isa = PBXFileReference; lastKnownFileType = sourcecode.swift; path = BaseSwiftUIScrollStackDemo.swift; sourceTree = "<group>"; };
		BCCD6BB32C5E04DF00DA9164 /* BaseSwiftUIStackDemo.swift */ = {isa = PBXFileReference; lastKnownFileType = sourcecode.swift; path = BaseSwiftUIStackDemo.swift; sourceTree = "<group>"; };
		BCCD6BB52C5E069700DA9164 /* BaseSwiftUISpacerDemo.swift */ = {isa = PBXFileReference; lastKnownFileType = sourcecode.swift; path = BaseSwiftUISpacerDemo.swift; sourceTree = "<group>"; };
		BCCD6BB72C5E072F00DA9164 /* BaseSwiftUIDividerDemo.swift */ = {isa = PBXFileReference; lastKnownFileType = sourcecode.swift; path = BaseSwiftUIDividerDemo.swift; sourceTree = "<group>"; };
		BCCF19FD2E39CD71001BF6A3 /* TTBaseBridge.h */ = {isa = PBXFileReference; lastKnownFileType = sourcecode.c.h; path = TTBaseBridge.h; sourceTree = "<group>"; };
		BCD8B24C2D895CA5000A53CF /* BaseCustomFlowLayoutCollectionViewController.swift */ = {isa = PBXFileReference; lastKnownFileType = sourcecode.swift; path = BaseCustomFlowLayoutCollectionViewController.swift; sourceTree = "<group>"; };
		BCD8B24E2D895D57000A53CF /* BaseCustomUICollectionFlowLayoutViewCell.swift */ = {isa = PBXFileReference; lastKnownFileType = sourcecode.swift; path = BaseCustomUICollectionFlowLayoutViewCell.swift; sourceTree = "<group>"; };
		BCF1F3502C58FD7C0062610C /* UIViewController+Extensions.swift */ = {isa = PBXFileReference; lastKnownFileType = sourcecode.swift; path = "UIViewController+Extensions.swift"; sourceTree = "<group>"; };
		BCF1F3672C58FF990062610C /* DemoViewController.swift */ = {isa = PBXFileReference; lastKnownFileType = sourcecode.swift; path = DemoViewController.swift; sourceTree = "<group>"; };
		BCF1F3692C58FF990062610C /* DemoViewModel.swift */ = {isa = PBXFileReference; lastKnownFileType = sourcecode.swift; path = DemoViewModel.swift; sourceTree = "<group>"; };
		BCF1F36E2C59002D0062610C /* ResponseMessage.swift */ = {isa = PBXFileReference; lastKnownFileType = sourcecode.swift; path = ResponseMessage.swift; sourceTree = "<group>"; };
		BCF1F37D2C5906A60062610C /* BaseTableViewModel.swift */ = {isa = PBXFileReference; lastKnownFileType = sourcecode.swift; path = BaseTableViewModel.swift; sourceTree = "<group>"; };
		BCF1F3802C5906A60062610C /* BaseTableViewController.swift */ = {isa = PBXFileReference; lastKnownFileType = sourcecode.swift; path = BaseTableViewController.swift; sourceTree = "<group>"; };
		BCF1F3832C5906CE0062610C /* DemoTableViewCell.swift */ = {isa = PBXFileReference; lastKnownFileType = sourcecode.swift; path = DemoTableViewCell.swift; sourceTree = "<group>"; };
		C46D17AB052AA4041BEE8046 /* MenuSection.swift */ = {isa = PBXFileReference; lastKnownFileType = sourcecode.swift; path = MenuSection.swift; sourceTree = "<group>"; };
		CA7CCC62DDFD5D62CB195EBE /* MenuFunction.swift */ = {isa = PBXFileReference; lastKnownFileType = sourcecode.swift; path = MenuFunction.swift; sourceTree = "<group>"; };
/* End PBXFileReference section */

/* Begin PBXFrameworksBuildPhase section */
		93F0FDC322580B980037C427 /* Frameworks */ = {
			isa = PBXFrameworksBuildPhase;
			buildActionMask = 2147483647;
			files = (
				BC2FD3FC2F615B8700FC6984 /* TTBaseUIKit in Frameworks */,
				BCB90CDD2ED06AFD00125913 /* TTBaseUIKit in Frameworks */,
				BCCF1A4E2E3A1346001BF6A3 /* TTBaseUIKit in Frameworks */,
				BCCF1A4B2E3A0EA2001BF6A3 /* TTBaseUIKit in Frameworks */,
				BC57F5552F7A409D00CCBE21 /* TTBaseUIKit in Frameworks */,
				BC3EBAA72F31A873008C258B /* TTBaseUIKit in Frameworks */,
				BC8166A32E378C9A000D6708 /* TTBaseUIKit in Frameworks */,
			);
			runOnlyForDeploymentPostprocessing = 0;
		};
/* End PBXFrameworksBuildPhase section */

/* Begin PBXGroup section */
		0BAF792F9EB9CBFCA7120794 /* Views */ = {
			isa = PBXGroup;
			children = (
				93BC0C4122AA629500E61D3C /* MenuViewController.swift */,
				93BC0C4622AA69E300E61D3C /* DemoHeaderView.swift */,
			);
			path = Views;
			sourceTree = "<group>";
		};
		116E851D37C009F880DBB4FE /* Web */ = {
			isa = PBXGroup;
			children = (
				BC78A9AD2C525308008E0BA4 /* WebViewController.swift */,
				BC13C7162F34920000E679E6 /* ContactVC.swift */,
			);
			path = Web;
			sourceTree = "<group>";
		};
		283B545EA051CC06ECAA132C /* ViewCell */ = {
			isa = PBXGroup;
			children = (
				C5DFEA7379F5028611F7BAAC /* ViewModel */,
				BC2452D92C5C7EF200D3FEC5 /* CalendarCollectionViewCell.swift */,
			);
			path = ViewCell;
			sourceTree = "<group>";
		};
		29DFA4B24FAED6537B6FE61E /* ViewModels */ = {
			isa = PBXGroup;
			children = (
				1D849CF42674BB6B2793E3F9 /* ProductCatalogViewModel.swift */,
			);
			path = ViewModels;
			sourceTree = "<group>";
		};
		2A2A4E0B98EEB45CBB56A523 /* ProductCatalog */ = {
			isa = PBXGroup;
			children = (
				5B20A8D7AF42A48785DD9EE7 /* Models */,
				C05D5EFC57CB7C3990F0B4BC /* Services */,
				29DFA4B24FAED6537B6FE61E /* ViewModels */,
				D1ABCA71BA390EAED82622EA /* Views */,
			);
			path = ProductCatalog;
			sourceTree = "<group>";
		};
		2D75C2397E042A3137A36465 /* EmptyTable */ = {
			isa = PBXGroup;
			children = (
				9371FA6422AF8A89005549E0 /* EmptyTableViewController.swift */,
			);
			path = EmptyTable;
			sourceTree = "<group>";
		};
		2FFA777DC9697A2CF3EBD721 /* ViewModel */ = {
			isa = PBXGroup;
			children = (
				BC2452DB2C5C7EF200D3FEC5 /* CalendarViewModel.swift */,
			);
			path = ViewModel;
			sourceTree = "<group>";
		};
		3337AB06626BC4E6221CF85F /* CustomView */ = {
			isa = PBXGroup;
			children = (
				BC2452CF2C5C7EF200D3FEC5 /* ShowPriceCalendarView.swift */,
			);
			path = CustomView;
			sourceTree = "<group>";
		};
		34EFAFE3ED4F52542A55C9E1 /* Models */ = {
			isa = PBXGroup;
			children = (
				CA7CCC62DDFD5D62CB195EBE /* MenuFunction.swift */,
				C46D17AB052AA4041BEE8046 /* MenuSection.swift */,
			);
			path = Models;
			sourceTree = "<group>";
		};
		3B4D65AD54168E00C6137C27 /* ViewModels */ = {
			isa = PBXGroup;
			children = (
				7D96CE090E13237E46E271DD /* ViewModelProtocol.swift */,
				0F84E93664C1C38D623B48A2 /* BaseViewModel.swift */,
			);
			path = ViewModels;
			sourceTree = "<group>";
		};
		40B007EC3A20824C0A270594 /* Models */ = {
			isa = PBXGroup;
			children = (
				BCF1F36E2C59002D0062610C /* ResponseMessage.swift */,
			);
			path = Models;
			sourceTree = "<group>";
		};
		4219F9EC8C0EF72D33E5031E /* Message */ = {
			isa = PBXGroup;
			children = (
				934B1FFD22ABBAB400140EF7 /* ShowMessageViewController.swift */,
			);
			path = Message;
			sourceTree = "<group>";
		};
		42A3D67B30DC26B3992BD3FC /* ViewModel */ = {
			isa = PBXGroup;
			children = (
				BCF1F3692C58FF990062610C /* DemoViewModel.swift */,
			);
			path = ViewModel;
			sourceTree = "<group>";
		};
		449B4062E3574ED59E3ABDE7 /* Views */ = {
			isa = PBXGroup;
			children = (
				BC2452ED2C5C8F2600D3FEC5 /* SUIBaseViewDemo.swift */,
				BC2452EF2C5C92DA00D3FEC5 /* BaseSwiftUINavView.swift */,
				BC2452F12C5C9B5900D3FEC5 /* BaseSwiftUIButtonDemo.swift */,
				BC2452F32C5C9CF700D3FEC5 /* BaseSwiftUITextDemo.swift */,
				BCCD6BAF2C5E020E00DA9164 /* BaseSwiftUIImageDemo.swift */,
				BCCD6BB12C5E047500DA9164 /* BaseSwiftUIScrollStackDemo.swift */,
				BC9F522E2ED440CA0089C15A /* BaseSwiftUISkeletonScrollStackDemo.swift */,
				BCCD6BB32C5E04DF00DA9164 /* BaseSwiftUIStackDemo.swift */,
				BCCD6BB52C5E069700DA9164 /* BaseSwiftUISpacerDemo.swift */,
				BCCD6BB72C5E072F00DA9164 /* BaseSwiftUIDividerDemo.swift */,
				BC8B92E02ED830DB005E7398 /* BaseSwiftUINewVersionDemo.swift */,
			);
			path = Views;
			sourceTree = "<group>";
		};
		4BCDD39A9A1ADF58EDB65E91 /* CellTypes */ = {
			isa = PBXGroup;
			children = (
				934B1FFB22ABB6F000140EF7 /* CellTypeTableViewController.swift */,
				93BC0C3B22AA611400E61D3C /* ListCellTestTableViewController.swift */,
			);
			path = CellTypes;
			sourceTree = "<group>";
		};
		4EF1B0AA436E368F26469189 /* CustomView */ = {
			isa = PBXGroup;
			children = (
				BC2452D42C5C7EF200D3FEC5 /* MonthView.swift */,
				BC2452D52C5C7EF200D3FEC5 /* WeekView.swift */,
			);
			path = CustomView;
			sourceTree = "<group>";
		};
		59B6D1D6D2D448E99EC44702 /* CustomView */ = {
			isa = PBXGroup;
			children = (
				BCA2809C2C5A4F9A00472024 /* HomeNewHealthProductsViewCollectionCell.swift */,
				BCD8B24E2D895D57000A53CF /* BaseCustomUICollectionFlowLayoutViewCell.swift */,
			);
			path = CustomView;
			sourceTree = "<group>";
		};
		5B20A8D7AF42A48785DD9EE7 /* Models */ = {
			isa = PBXGroup;
			children = (
				4CEDA55A2481E632EE54647C /* Product.swift */,
			);
			path = Models;
			sourceTree = "<group>";
		};
		67FE8257089C4FB98C98A76B /* Views */ = {
			isa = PBXGroup;
			children = (
				BC2452E82C5C7F0700D3FEC5 /* BaseIconLeftRightTitleView.swift */,
				BCA2808D2C5A1FF300472024 /* DemoCustomView.swift */,
			);
			path = Views;
			sourceTree = "<group>";
		};
		6E1B19F914DB3524F984FC24 /* UIKitDemos */ = {
			isa = PBXGroup;
			children = (
				A0566243C0C05D0956B7A4B2 /* AutoLayout */,
				D1E78B15C26FBF3185CCBA78 /* Calendar */,
				4BCDD39A9A1ADF58EDB65E91 /* CellTypes */,
				8E592846F42168B2387F198E /* CollectionView */,
				8F52916FAB383A56757C6E8C /* Components */,
				2D75C2397E042A3137A36465 /* EmptyTable */,
				4219F9EC8C0EF72D33E5031E /* Message */,
				855AC420EED1447D929A3D79 /* Popup */,
				738A299D61565ED944EC5745 /* Skeleton */,
				CABD6FA6C3195BA3AB50BC91 /* TableView */,
				8BD0B7AC7BEAD060D9A192D4 /* ViewController */,
			);
			path = UIKitDemos;
			sourceTree = "<group>";
		};
		738A299D61565ED944EC5745 /* Skeleton */ = {
			isa = PBXGroup;
			children = (
				BC9F522C2ED43D600089C15A /* SkeletonTableViewController.swift */,
			);
			path = Skeleton;
			sourceTree = "<group>";
		};
		7B61934374815232E4E16F9F /* SwiftUIDemos */ = {
			isa = PBXGroup;
			children = (
				449B4062E3574ED59E3ABDE7 /* Views */,
			);
			path = SwiftUIDemos;
			sourceTree = "<group>";
		};
		7FC7503BB5FD51626194DBBB /* Coordinator */ = {
			isa = PBXGroup;
			children = (
				11C5E546F916F978D8C3A332 /* MenuCoordinator.swift */,
			);
			path = Coordinator;
			sourceTree = "<group>";
		};
		84130771BBA0C73249B8612B /* ViewModel */ = {
			isa = PBXGroup;
			children = (
				BC2452D22C5C7EF200D3FEC5 /* CalendarPopupViewModel.swift */,
			);
			path = ViewModel;
			sourceTree = "<group>";
		};
		855AC420EED1447D929A3D79 /* Popup */ = {
			isa = PBXGroup;
			children = (
				9371FA6022AF8923005549E0 /* CoverPresentViewController.swift */,
				9371FA6222AF89F6005549E0 /* DatePickerViewController.swift */,
			);
			path = Popup;
			sourceTree = "<group>";
		};
		8BD0B7AC7BEAD060D9A192D4 /* ViewController */ = {
			isa = PBXGroup;
			children = (
				42A3D67B30DC26B3992BD3FC /* ViewModel */,
				BCF1F3672C58FF990062610C /* DemoViewController.swift */,
			);
			path = ViewController;
			sourceTree = "<group>";
		};
		8E592846F42168B2387F198E /* CollectionView */ = {
			isa = PBXGroup;
			children = (
				59B6D1D6D2D448E99EC44702 /* CustomView */,
				904F0FC7BF4BAAAC7010B25A /* ViewModel */,
				BCA280962C5A4ED600472024 /* BaseCollectionViewViewController.swift */,
				BCD8B24C2D895CA5000A53CF /* BaseCustomFlowLayoutCollectionViewController.swift */,
			);
			path = CollectionView;
			sourceTree = "<group>";
		};
		8F52916FAB383A56757C6E8C /* Components */ = {
			isa = PBXGroup;
			children = (
				E949BA71804E6DEA50E5A770 /* ViewModel */,
				BCA2808A2C59FC3D00472024 /* BaseComponentsViewController.swift */,
			);
			path = Components;
			sourceTree = "<group>";
		};
		904F0FC7BF4BAAAC7010B25A /* ViewModel */ = {
			isa = PBXGroup;
			children = (
				BCA280982C5A4ED600472024 /* BaseCollectionViewViewModel.swift */,
			);
			path = ViewModel;
			sourceTree = "<group>";
		};
		921851C3C080ED07B91F0C07 /* ViewModel */ = {
			isa = PBXGroup;
			children = (
				006254801661336BF3428897 /* MenuViewModel.swift */,
			);
			path = ViewModel;
			sourceTree = "<group>";
		};
		93F0FDBD22580B980037C427 = {
			isa = PBXGroup;
			children = (
				93F0FDC822580B980037C427 /* TTBaseUIKitExample */,
				93F0FDC722580B980037C427 /* Products */,
			);
			sourceTree = "<group>";
		};
		93F0FDC722580B980037C427 /* Products */ = {
			isa = PBXGroup;
			children = (
				93F0FDC622580B980037C427 /* TTBaseUIKitExample.app */,
			);
			name = Products;
			sourceTree = "<group>";
		};
		93F0FDC822580B980037C427 /* TTBaseUIKitExample */ = {
			isa = PBXGroup;
			children = (
				FE910D29D648D8F2EA669AEF /* App */,
				B7AB829E147C5C30FE98B1CB /* Core */,
				F7A3FAD1BFA84C82EB67ADA9 /* Features */,
				93F0FDCD22580B980037C427 /* Main.storyboard */,
				93F0FDD022580B990037C427 /* Assets.xcassets */,
				93F0FDD222580B990037C427 /* LaunchScreen.storyboard */,
				93F0FDD522580B990037C427 /* Info.plist */,
				BCCF19FD2E39CD71001BF6A3 /* TTBaseBridge.h */,
			);
			path = TTBaseUIKitExample;
			sourceTree = "<group>";
		};
		953DF8EBFB932D283EF07008 /* ViewModel */ = {
			isa = PBXGroup;
			children = (
				BCF1F37D2C5906A60062610C /* BaseTableViewModel.swift */,
			);
			path = ViewModel;
			sourceTree = "<group>";
		};
		9A304A1F5001D93AD6237FE2 /* Coordinator */ = {
			isa = PBXGroup;
			children = (
				68A406A7928640BFF354ADAD /* Coordinator.swift */,
			);
			path = Coordinator;
			sourceTree = "<group>";
		};
		A0566243C0C05D0956B7A4B2 /* AutoLayout */ = {
			isa = PBXGroup;
			children = (
				B058CBE0448F9898C39D01DA /* ViewModel */,
				BC2452C62C5BB1FE00D3FEC5 /* BaseSetupConstraintsViewController.swift */,
				BC2452CC2C5BB5B200D3FEC5 /* AdvanceSetupConstraintsViewController.swift */,
			);
			path = AutoLayout;
			sourceTree = "<group>";
		};
		A5FD26CED4B66322F94673F1 /* Base */ = {
			isa = PBXGroup;
			children = (
				67FE8257089C4FB98C98A76B /* Views */,
				93BC0C4322AA62DC00E61D3C /* BaseUIViewController.swift */,
				93BC0C3922AA60C800E61D3C /* BaseUITableViewController.swift */,
				93BC0C3D22AA61EB00E61D3C /* BaseUINavigationView.swift */,
				BC2452EA2C5C7FBC00D3FEC5 /* BasePopupViewController.swift */,
			);
			path = Base;
			sourceTree = "<group>";
		};
		B058CBE0448F9898C39D01DA /* ViewModel */ = {
			isa = PBXGroup;
			children = (
				BC2452C82C5BB1FE00D3FEC5 /* BaseSetupConstraintsViewModel.swift */,
			);
			path = ViewModel;
			sourceTree = "<group>";
		};
		B3CEA33F30E6ADC29E5880AF /* Menu */ = {
			isa = PBXGroup;
			children = (
				7FC7503BB5FD51626194DBBB /* Coordinator */,
				34EFAFE3ED4F52542A55C9E1 /* Models */,
				921851C3C080ED07B91F0C07 /* ViewModel */,
				0BAF792F9EB9CBFCA7120794 /* Views */,
			);
			path = Menu;
			sourceTree = "<group>";
		};
		B7AB829E147C5C30FE98B1CB /* Core */ = {
			isa = PBXGroup;
			children = (
				A5FD26CED4B66322F94673F1 /* Base */,
				9A304A1F5001D93AD6237FE2 /* Coordinator */,
				E0DCAED8850E82868F3381E3 /* Extensions */,
				40B007EC3A20824C0A270594 /* Models */,
				3B4D65AD54168E00C6137C27 /* ViewModels */,
			);
			path = Core;
			sourceTree = "<group>";
		};
		C05D5EFC57CB7C3990F0B4BC /* Services */ = {
			isa = PBXGroup;
			children = (
				3CC6F04F3E7AF9B374A13B6D /* ProductService.swift */,
			);
			path = Services;
			sourceTree = "<group>";
		};
		C5DFEA7379F5028611F7BAAC /* ViewModel */ = {
			isa = PBXGroup;
			children = (
				BC2452D72C5C7EF200D3FEC5 /* CalendarCollectionCellViewModel.swift */,
			);
			path = ViewModel;
			sourceTree = "<group>";
		};
		CABD6FA6C3195BA3AB50BC91 /* TableView */ = {
			isa = PBXGroup;
			children = (
				F0209887D54DD0901804D079 /* TableViewCell */,
				953DF8EBFB932D283EF07008 /* ViewModel */,
				BCF1F3802C5906A60062610C /* BaseTableViewController.swift */,
			);
			path = TableView;
			sourceTree = "<group>";
		};
		D1ABCA71BA390EAED82622EA /* Views */ = {
			isa = PBXGroup;
			children = (
				7E321641A2A6CF91E318902E /* ProductCatalogView.swift */,
				1A222992F0BDA693858A9790 /* ProductCardView.swift */,
				BCACA7B235B716E78B033CA4 /* ProductDetailView.swift */,
				60C529A08CC0498031397EB3 /* ProductSkeletonView.swift */,
			);
			path = Views;
			sourceTree = "<group>";
		};
		D1E78B15C26FBF3185CCBA78 /* Calendar */ = {
			isa = PBXGroup;
			children = (
				EE1E35E76EC5A84967447E19 /* CollectionView */,
				3337AB06626BC4E6221CF85F /* CustomView */,
				84130771BBA0C73249B8612B /* ViewModel */,
				BC2452D12C5C7EF200D3FEC5 /* CalendarPopupViewController.swift */,
			);
			path = Calendar;
			sourceTree = "<group>";
		};
		E0DCAED8850E82868F3381E3 /* Extensions */ = {
			isa = PBXGroup;
			children = (
				93BC0C3F22AA622B00E61D3C /* ConfigAccessors.swift */,
				BCF1F3502C58FD7C0062610C /* UIViewController+Extensions.swift */,
			);
			path = Extensions;
			sourceTree = "<group>";
		};
		E949BA71804E6DEA50E5A770 /* ViewModel */ = {
			isa = PBXGroup;
			children = (
				BCA280882C59FC3D00472024 /* BaseComponentsViewModel.swift */,
			);
			path = ViewModel;
			sourceTree = "<group>";
		};
		EE1E35E76EC5A84967447E19 /* CollectionView */ = {
			isa = PBXGroup;
			children = (
				4EF1B0AA436E368F26469189 /* CustomView */,
				283B545EA051CC06ECAA132C /* ViewCell */,
				2FFA777DC9697A2CF3EBD721 /* ViewModel */,
				BC2452DD2C5C7EF200D3FEC5 /* CalendarCollectionView.swift */,
			);
			path = CollectionView;
			sourceTree = "<group>";
		};
		F0209887D54DD0901804D079 /* TableViewCell */ = {
			isa = PBXGroup;
			children = (
				BCF1F3832C5906CE0062610C /* DemoTableViewCell.swift */,
			);
			path = TableViewCell;
			sourceTree = "<group>";
		};
		F7A3FAD1BFA84C82EB67ADA9 /* Features */ = {
			isa = PBXGroup;
			children = (
				B3CEA33F30E6ADC29E5880AF /* Menu */,
				2A2A4E0B98EEB45CBB56A523 /* ProductCatalog */,
				7B61934374815232E4E16F9F /* SwiftUIDemos */,
				6E1B19F914DB3524F984FC24 /* UIKitDemos */,
				116E851D37C009F880DBB4FE /* Web */,
			);
			path = Features;
			sourceTree = "<group>";
		};
		FE910D29D648D8F2EA669AEF /* App */ = {
			isa = PBXGroup;
			children = (
				93F0FDC922580B980037C427 /* AppDelegate.swift */,
				B9E5A0FB26EDDE96079EDFE0 /* AppCoordinator.swift */,
				BC3EBAA82F31A8B5008C258B /* TabBarController.swift */,
			);
			path = App;
			sourceTree = "<group>";
		};
/* End PBXGroup section */

/* Begin PBXNativeTarget section */
		93F0FDC522580B980037C427 /* TTBaseUIKitExample */ = {
			isa = PBXNativeTarget;
			buildConfigurationList = 93F0FDD822580B990037C427 /* Build configuration list for PBXNativeTarget "TTBaseUIKitExample" */;
			buildPhases = (
				93F0FDC222580B980037C427 /* Sources */,
				93F0FDC322580B980037C427 /* Frameworks */,
				93F0FDC422580B980037C427 /* Resources */,
			);
			buildRules = (
			);
			dependencies = (
			);
			name = TTBaseUIKitExample;
			productName = TTBaseUIKitExample;
			productReference = 93F0FDC622580B980037C427 /* TTBaseUIKitExample.app */;
			productType = "com.apple.product-type.application";
		};
/* End PBXNativeTarget section */

/* Begin PBXProject section */
		93F0FDBE22580B980037C427 /* Project object */ = {
			isa = PBXProject;
			attributes = {
				LastSwiftUpdateCheck = 1020;
				LastUpgradeCheck = 1020;
				ORGANIZATIONNAME = "Truong Quang Tuan";
				TargetAttributes = {
					93F0FDC522580B980037C427 = {
						CreatedOnToolsVersion = 10.2;
					};
				};
			};
			buildConfigurationList = 93F0FDC122580B980037C427 /* Build configuration list for PBXProject "TTBaseUIKitExample" */;
			compatibilityVersion = "Xcode 9.3";
			developmentRegion = en;
			hasScannedForEncodings = 0;
			knownRegions = (
				en,
				Base,
			);
			mainGroup = 93F0FDBD22580B980037C427;
			packageReferences = (
				BC57F5532F7A409D00CCBE21 /* XCLocalSwiftPackageReference "../../TTBaseUIKit" */,
			);
			productRefGroup = 93F0FDC722580B980037C427 /* Products */;
			projectDirPath = "";
			projectRoot = "";
			targets = (
				93F0FDC522580B980037C427 /* TTBaseUIKitExample */,
			);
		};
/* End PBXProject section */

/* Begin PBXResourcesBuildPhase section */
		93F0FDC422580B980037C427 /* Resources */ = {
			isa = PBXResourcesBuildPhase;
			buildActionMask = 2147483647;
			files = (
				93F0FDD422580B990037C427 /* LaunchScreen.storyboard in Resources */,
				93F0FDD122580B990037C427 /* Assets.xcassets in Resources */,
				93F0FDCF22580B980037C427 /* Main.storyboard in Resources */,
			);
			runOnlyForDeploymentPostprocessing = 0;
		};
/* End PBXResourcesBuildPhase section */

/* Begin PBXSourcesBuildPhase section */
		93F0FDC222580B980037C427 /* Sources */ = {
			isa = PBXSourcesBuildPhase;
			buildActionMask = 2147483647;
			files = (
				93F0FDCA22580B980037C427 /* AppDelegate.swift in Sources */,
				1602EA24373D06810C0A26B5 /* AppCoordinator.swift in Sources */,
				BC3EBAA92F31A8B5008C258B /* TabBarController.swift in Sources */,
				93BC0C4422AA62DC00E61D3C /* BaseUIViewController.swift in Sources */,
				93BC0C3A22AA60C800E61D3C /* BaseUITableViewController.swift in Sources */,
				93BC0C3E22AA61EB00E61D3C /* BaseUINavigationView.swift in Sources */,
				BC2452EB2C5C7FBC00D3FEC5 /* BasePopupViewController.swift in Sources */,
				BC2452E92C5C7F0700D3FEC5 /* BaseIconLeftRightTitleView.swift in Sources */,
				BCA2808E2C5A1FF300472024 /* DemoCustomView.swift in Sources */,
				93BC0C4022AA622B00E61D3C /* ConfigAccessors.swift in Sources */,
				BCF1F3512C58FD7C0062610C /* UIViewController+Extensions.swift in Sources */,
				BCF1F36F2C59002D0062610C /* ResponseMessage.swift in Sources */,
				A2722B8F48C14620DAEBA6C4 /* ViewModelProtocol.swift in Sources */,
				884E61CF1A1FDCDBA0318943 /* BaseViewModel.swift in Sources */,
				C0ED494840942C6BBF9A0650 /* Coordinator.swift in Sources */,
				3BDAEC45CEA85B0B20443629 /* MenuFunction.swift in Sources */,
				7B3890DC530F4C9B756213A2 /* MenuSection.swift in Sources */,
				184A071C3AC8944C7273066F /* MenuViewModel.swift in Sources */,
				93BC0C4222AA629500E61D3C /* MenuViewController.swift in Sources */,
				93BC0C4722AA69E300E61D3C /* DemoHeaderView.swift in Sources */,
				38429831D69A18F4C0C6851A /* MenuCoordinator.swift in Sources */,
				BCF1F36B2C58FF990062610C /* DemoViewController.swift in Sources */,
				BCF1F36C2C58FF990062610C /* DemoViewModel.swift in Sources */,
				BCF1F3822C5906A60062610C /* BaseTableViewController.swift in Sources */,
				BCF1F3812C5906A60062610C /* BaseTableViewModel.swift in Sources */,
				BCF1F3842C5906CE0062610C /* DemoTableViewCell.swift in Sources */,
				BCA2809A2C5A4ED600472024 /* BaseCollectionViewViewController.swift in Sources */,
				BCD8B24D2D895CA5000A53CF /* BaseCustomFlowLayoutCollectionViewController.swift in Sources */,
				BCA2809B2C5A4ED600472024 /* BaseCollectionViewViewModel.swift in Sources */,
				BCA2809D2C5A4F9A00472024 /* HomeNewHealthProductsViewCollectionCell.swift in Sources */,
				BCD8B24F2D895D57000A53CF /* BaseCustomUICollectionFlowLayoutViewCell.swift in Sources */,
				BCA2808C2C59FC3D00472024 /* BaseComponentsViewController.swift in Sources */,
				BCA2808B2C59FC3D00472024 /* BaseComponentsViewModel.swift in Sources */,
				BC2452CA2C5BB1FE00D3FEC5 /* BaseSetupConstraintsViewController.swift in Sources */,
				BC2452CD2C5BB5B200D3FEC5 /* AdvanceSetupConstraintsViewController.swift in Sources */,
				BC2452CB2C5BB1FE00D3FEC5 /* BaseSetupConstraintsViewModel.swift in Sources */,
				BC2452E02C5C7EF200D3FEC5 /* CalendarPopupViewController.swift in Sources */,
				BC2452E12C5C7EF200D3FEC5 /* CalendarPopupViewModel.swift in Sources */,
				BC2452DF2C5C7EF200D3FEC5 /* ShowPriceCalendarView.swift in Sources */,
				BC2452E72C5C7EF200D3FEC5 /* CalendarCollectionView.swift in Sources */,
				BC2452E22C5C7EF200D3FEC5 /* MonthView.swift in Sources */,
				BC2452E32C5C7EF200D3FEC5 /* WeekView.swift in Sources */,
				BC2452E52C5C7EF200D3FEC5 /* CalendarCollectionViewCell.swift in Sources */,
				BC2452E42C5C7EF200D3FEC5 /* CalendarCollectionCellViewModel.swift in Sources */,
				BC2452E62C5C7EF200D3FEC5 /* CalendarViewModel.swift in Sources */,
				BC9F522D2ED43D600089C15A /* SkeletonTableViewController.swift in Sources */,
				9371FA6522AF8A89005549E0 /* EmptyTableViewController.swift in Sources */,
				934B1FFE22ABBAB400140EF7 /* ShowMessageViewController.swift in Sources */,
				9371FA6122AF8923005549E0 /* CoverPresentViewController.swift in Sources */,
				9371FA6322AF89F6005549E0 /* DatePickerViewController.swift in Sources */,
				934B1FFC22ABB6F000140EF7 /* CellTypeTableViewController.swift in Sources */,
				93BC0C3C22AA611400E61D3C /* ListCellTestTableViewController.swift in Sources */,
				BC2452EE2C5C8F2600D3FEC5 /* SUIBaseViewDemo.swift in Sources */,
				BC2452F02C5C92DA00D3FEC5 /* BaseSwiftUINavView.swift in Sources */,
				BC2452F22C5C9B5900D3FEC5 /* BaseSwiftUIButtonDemo.swift in Sources */,
				BC2452F42C5C9CF700D3FEC5 /* BaseSwiftUITextDemo.swift in Sources */,
				BCCD6BB02C5E020E00DA9164 /* BaseSwiftUIImageDemo.swift in Sources */,
				BCCD6BB22C5E047500DA9164 /* BaseSwiftUIScrollStackDemo.swift in Sources */,
				BC9F522F2ED440CA0089C15A /* BaseSwiftUISkeletonScrollStackDemo.swift in Sources */,
				BCCD6BB42C5E04DF00DA9164 /* BaseSwiftUIStackDemo.swift in Sources */,
				BCCD6BB62C5E069700DA9164 /* BaseSwiftUISpacerDemo.swift in Sources */,
				BCCD6BB82C5E072F00DA9164 /* BaseSwiftUIDividerDemo.swift in Sources */,
				BC8B92E12ED830DB005E7398 /* BaseSwiftUINewVersionDemo.swift in Sources */,
				BC78A9AE2C525308008E0BA4 /* WebViewController.swift in Sources */,
				BC13C7172F34920000E679E6 /* ContactVC.swift in Sources */,
				B51DE2135142990B7D2EEE9E /* Product.swift in Sources */,
				90A6302E564C2676141E883D /* ProductService.swift in Sources */,
				DCCCC25A15307F4FC1CFD1A1 /* ProductCatalogViewModel.swift in Sources */,
				EEE9A8E570E74A87121761F6 /* ProductCardView.swift in Sources */,
				F822D9665D1B561944F56118 /* ProductDetailView.swift in Sources */,
				0028E830AF341FB2C0363F71 /* ProductSkeletonView.swift in Sources */,
				466979BE6EEBDB7167D2FFDA /* ProductCatalogView.swift in Sources */,
			);
			runOnlyForDeploymentPostprocessing = 0;
		};
/* End PBXSourcesBuildPhase section */

/* Begin PBXVariantGroup section */
		93F0FDCD22580B980037C427 /* Main.storyboard */ = {
			isa = PBXVariantGroup;
			children = (
				93F0FDCE22580B980037C427 /* Base */,
			);
			name = Main.storyboard;
			sourceTree = "<group>";
		};
		93F0FDD222580B990037C427 /* LaunchScreen.storyboard */ = {
			isa = PBXVariantGroup;
			children = (
				93F0FDD322580B990037C427 /* Base */,
			);
			name = LaunchScreen.storyboard;
			sourceTree = "<group>";
		};
/* End PBXVariantGroup section */

/* Begin XCBuildConfiguration section */
		93F0FDD622580B990037C427 /* Debug */ = {
			isa = XCBuildConfiguration;
			buildSettings = {
				ALWAYS_SEARCH_USER_PATHS = NO;
				CLANG_ANALYZER_NONNULL = YES;
				CLANG_ANALYZER_NUMBER_OBJECT_CONVERSION = YES_AGGRESSIVE;
				CLANG_CXX_LANGUAGE_STANDARD = "gnu++14";
				CLANG_CXX_LIBRARY = "libc++";
				CLANG_ENABLE_MODULES = YES;
				CLANG_ENABLE_OBJC_ARC = YES;
				CLANG_ENABLE_OBJC_WEAK = YES;
				CLANG_WARN_BLOCK_CAPTURE_AUTORELEASING = YES;
				CLANG_WARN_BOOL_CONVERSION = YES;
				CLANG_WARN_COMMA = YES;
				CLANG_WARN_CONSTANT_CONVERSION = YES;
				CLANG_WARN_DEPRECATED_OBJC_IMPLEMENTATIONS = YES;
				CLANG_WARN_DIRECT_OBJC_ISA_USAGE = YES_ERROR;
				CLANG_WARN_DOCUMENTATION_COMMENTS = YES;
				CLANG_WARN_EMPTY_BODY = YES;
				CLANG_WARN_ENUM_CONVERSION = YES;
				CLANG_WARN_INFINITE_RECURSION = YES;
				CLANG_WARN_INT_CONVERSION = YES;
				CLANG_WARN_NON_LITERAL_NULL_CONVERSION = YES;
				CLANG_WARN_OBJC_IMPLICIT_RETAIN_SELF = YES;
				CLANG_WARN_OBJC_LITERAL_CONVERSION = YES;
				CLANG_WARN_OBJC_ROOT_CLASS = YES_ERROR;
				CLANG_WARN_RANGE_LOOP_ANALYSIS = YES;
				CLANG_WARN_STRICT_PROTOTYPES = YES;
				CLANG_WARN_SUSPICIOUS_MOVE = YES;
				CLANG_WARN_UNGUARDED_AVAILABILITY = YES_AGGRESSIVE;
				CLANG_WARN_UNREACHABLE_CODE = YES;
				CLANG_WARN__DUPLICATE_METHOD_MATCH = YES;
				CODE_SIGN_IDENTITY = "iPhone Developer";
				COPY_PHASE_STRIP = NO;
				DEBUG_INFORMATION_FORMAT = dwarf;
				ENABLE_STRICT_OBJC_MSGSEND = YES;
				ENABLE_TESTABILITY = YES;
				GCC_C_LANGUAGE_STANDARD = gnu11;
				GCC_DYNAMIC_NO_PIC = NO;
				GCC_NO_COMMON_BLOCKS = YES;
				GCC_OPTIMIZATION_LEVEL = 0;
				GCC_PREPROCESSOR_DEFINITIONS = (
					"DEBUG=1",
					"$(inherited)",
				);
				GCC_WARN_64_TO_32_BIT_CONVERSION = YES;
				GCC_WARN_ABOUT_RETURN_TYPE = YES_ERROR;
				GCC_WARN_UNDECLARED_SELECTOR = YES;
				GCC_WARN_UNINITIALIZED_AUTOS = YES_AGGRESSIVE;
				GCC_WARN_UNUSED_FUNCTION = YES;
				GCC_WARN_UNUSED_VARIABLE = YES;
				IPHONEOS_DEPLOYMENT_TARGET = 14.0;
				MTL_ENABLE_DEBUG_INFO = INCLUDE_SOURCE;
				MTL_FAST_MATH = YES;
				ONLY_ACTIVE_ARCH = YES;
				SDKROOT = iphoneos;
				SWIFT_ACTIVE_COMPILATION_CONDITIONS = DEBUG;
				SWIFT_OBJC_BRIDGING_HEADER = TTBaseUIKitExample/TTBaseBridge.h;
				SWIFT_OPTIMIZATION_LEVEL = "-Onone";
			};
			name = Debug;
		};
		93F0FDD722580B990037C427 /* Release */ = {
			isa = XCBuildConfiguration;
			buildSettings = {
				ALWAYS_SEARCH_USER_PATHS = NO;
				CLANG_ANALYZER_NONNULL = YES;
				CLANG_ANALYZER_NUMBER_OBJECT_CONVERSION = YES_AGGRESSIVE;
				CLANG_CXX_LANGUAGE_STANDARD = "gnu++14";
				CLANG_CXX_LIBRARY = "libc++";
				CLANG_ENABLE_MODULES = YES;
				CLANG_ENABLE_OBJC_ARC = YES;
				CLANG_ENABLE_OBJC_WEAK = YES;
				CLANG_WARN_BLOCK_CAPTURE_AUTORELEASING = YES;
				CLANG_WARN_BOOL_CONVERSION = YES;
				CLANG_WARN_COMMA = YES;
				CLANG_WARN_CONSTANT_CONVERSION = YES;
				CLANG_WARN_DEPRECATED_OBJC_IMPLEMENTATIONS = YES;
				CLANG_WARN_DIRECT_OBJC_ISA_USAGE = YES_ERROR;
				CLANG_WARN_DOCUMENTATION_COMMENTS = YES;
				CLANG_WARN_EMPTY_BODY = YES;
				CLANG_WARN_ENUM_CONVERSION = YES;
				CLANG_WARN_INFINITE_RECURSION = YES;
				CLANG_WARN_INT_CONVERSION = YES;
				CLANG_WARN_NON_LITERAL_NULL_CONVERSION = YES;
				CLANG_WARN_OBJC_IMPLICIT_RETAIN_SELF = YES;
				CLANG_WARN_OBJC_LITERAL_CONVERSION = YES;
				CLANG_WARN_OBJC_ROOT_CLASS = YES_ERROR;
				CLANG_WARN_RANGE_LOOP_ANALYSIS = YES;
				CLANG_WARN_STRICT_PROTOTYPES = YES;
				CLANG_WARN_SUSPICIOUS_MOVE = YES;
				CLANG_WARN_UNGUARDED_AVAILABILITY = YES_AGGRESSIVE;
				CLANG_WARN_UNREACHABLE_CODE = YES;
				CLANG_WARN__DUPLICATE_METHOD_MATCH = YES;
				CODE_SIGN_IDENTITY = "iPhone Developer";
				COPY_PHASE_STRIP = NO;
				DEBUG_INFORMATION_FORMAT = "dwarf-with-dsym";
				ENABLE_NS_ASSERTIONS = NO;
				ENABLE_STRICT_OBJC_MSGSEND = YES;
				GCC_C_LANGUAGE_STANDARD = gnu11;
				GCC_NO_COMMON_BLOCKS = YES;
				GCC_WARN_64_TO_32_BIT_CONVERSION = YES;
				GCC_WARN_ABOUT_RETURN_TYPE = YES_ERROR;
				GCC_WARN_UNDECLARED_SELECTOR = YES;
				GCC_WARN_UNINITIALIZED_AUTOS = YES_AGGRESSIVE;
				GCC_WARN_UNUSED_FUNCTION = YES;
				GCC_WARN_UNUSED_VARIABLE = YES;
				IPHONEOS_DEPLOYMENT_TARGET = 14.0;
				MTL_ENABLE_DEBUG_INFO = NO;
				MTL_FAST_MATH = YES;
				SDKROOT = iphoneos;
				SWIFT_COMPILATION_MODE = wholemodule;
				SWIFT_OBJC_BRIDGING_HEADER = TTBaseUIKitExample/TTBaseBridge.h;
				SWIFT_OPTIMIZATION_LEVEL = "-O";
				VALIDATE_PRODUCT = YES;
			};
			name = Release;
		};
		93F0FDD922580B990037C427 /* Debug */ = {
			isa = XCBuildConfiguration;
			buildSettings = {
				ASSETCATALOG_COMPILER_APPICON_NAME = AppIcon;
				CODE_SIGN_STYLE = Automatic;
				CURRENT_PROJECT_VERSION = 10;
				DEVELOPMENT_TEAM = NWP32GXP5M;
				INFOPLIST_FILE = TTBaseUIKitExample/Info.plist;
				INFOPLIST_KEY_CFBundleDisplayName = TTBaseUIKit;
				IPHONEOS_DEPLOYMENT_TARGET = 14.0;
				LD_RUNPATH_SEARCH_PATHS = (
					"$(inherited)",
					"@executable_path/Frameworks",
				);
				MARKETING_VERSION = 2.0.1;
				PRODUCT_BUNDLE_IDENTIFIER = TQT.TTBaseUIKitExample;
				PRODUCT_NAME = "$(TARGET_NAME)";
				SWIFT_VERSION = 5.0;
				TARGETED_DEVICE_FAMILY = "1,2";
			};
			name = Debug;
		};
		93F0FDDA22580B990037C427 /* Release */ = {
			isa = XCBuildConfiguration;
			buildSettings = {
				ASSETCATALOG_COMPILER_APPICON_NAME = AppIcon;
				CODE_SIGN_STYLE = Automatic;
				CURRENT_PROJECT_VERSION = 10;
				DEVELOPMENT_TEAM = NWP32GXP5M;
				INFOPLIST_FILE = TTBaseUIKitExample/Info.plist;
				INFOPLIST_KEY_CFBundleDisplayName = TTBaseUIKit;
				IPHONEOS_DEPLOYMENT_TARGET = 14.0;
				LD_RUNPATH_SEARCH_PATHS = (
					"$(inherited)",
					"@executable_path/Frameworks",
				);
				MARKETING_VERSION = 2.0.1;
				PRODUCT_BUNDLE_IDENTIFIER = TQT.TTBaseUIKitExample;
				PRODUCT_NAME = "$(TARGET_NAME)";
				SWIFT_VERSION = 5.0;
				TARGETED_DEVICE_FAMILY = "1,2";
			};
			name = Release;
		};
/* End XCBuildConfiguration section */

/* Begin XCConfigurationList section */
		93F0FDC122580B980037C427 /* Build configuration list for PBXProject "TTBaseUIKitExample" */ = {
			isa = XCConfigurationList;
			buildConfigurations = (
				93F0FDD622580B990037C427 /* Debug */,
				93F0FDD722580B990037C427 /* Release */,
			);
			defaultConfigurationIsVisible = 0;
			defaultConfigurationName = Release;
		};
		93F0FDD822580B990037C427 /* Build configuration list for PBXNativeTarget "TTBaseUIKitExample" */ = {
			isa = XCConfigurationList;
			buildConfigurations = (
				93F0FDD922580B990037C427 /* Debug */,
				93F0FDDA22580B990037C427 /* Release */,
			);
			defaultConfigurationIsVisible = 0;
			defaultConfigurationName = Release;
		};
/* End XCConfigurationList section */

/* Begin XCLocalSwiftPackageReference section */
		BC57F5532F7A409D00CCBE21 /* XCLocalSwiftPackageReference "../../TTBaseUIKit" */ = {
			isa = XCLocalSwiftPackageReference;
			relativePath = ../../TTBaseUIKit;
		};
/* End XCLocalSwiftPackageReference section */

/* Begin XCRemoteSwiftPackageReference section */
		BC2FD3FA2F615B8700FC6984 /* XCRemoteSwiftPackageReference "TTBaseUIKit" */ = {
			isa = XCRemoteSwiftPackageReference;
			repositoryURL = "https://github.com/tqtuan1201/TTBaseUIKit.git";
			requirement = {
				branch = master;
				kind = branch;
			};
		};
		BC3EBAA52F31A873008C258B /* XCRemoteSwiftPackageReference "TTBaseUIKit" */ = {
			isa = XCRemoteSwiftPackageReference;
			repositoryURL = "https://github.com/tqtuan1201/TTBaseUIKit.git";
			requirement = {
				branch = master;
				kind = branch;
			};
		};
		BC8166A12E378C9A000D6708 /* XCRemoteSwiftPackageReference "TTBaseUIKit" */ = {
			isa = XCRemoteSwiftPackageReference;
			repositoryURL = "https://github.com/tqtuan1201/TTBaseUIKit.git";
			requirement = {
				branch = master;
				kind = branch;
			};
		};
		BCCF1A4C2E3A1346001BF6A3 /* XCRemoteSwiftPackageReference "TTBaseUIKit" */ = {
			isa = XCRemoteSwiftPackageReference;
			repositoryURL = "https://github.com/tqtuan1201/TTBaseUIKit.git";
			requirement = {
				branch = master;
				kind = branch;
			};
		};
/* End XCRemoteSwiftPackageReference section */

/* Begin XCSwiftPackageProductDependency section */
		BC2FD3FB2F615B8700FC6984 /* TTBaseUIKit */ = {
			isa = XCSwiftPackageProductDependency;
			package = BC2FD3FA2F615B8700FC6984 /* XCRemoteSwiftPackageReference "TTBaseUIKit" */;
			productName = TTBaseUIKit;
		};
		BC3EBAA62F31A873008C258B /* TTBaseUIKit */ = {
			isa = XCSwiftPackageProductDependency;
			package = BC3EBAA52F31A873008C258B /* XCRemoteSwiftPackageReference "TTBaseUIKit" */;
			productName = TTBaseUIKit;
		};
		BC57F5542F7A409D00CCBE21 /* TTBaseUIKit */ = {
			isa = XCSwiftPackageProductDependency;
			productName = TTBaseUIKit;
		};
		BC8166A22E378C9A000D6708 /* TTBaseUIKit */ = {
			isa = XCSwiftPackageProductDependency;
			package = BC8166A12E378C9A000D6708 /* XCRemoteSwiftPackageReference "TTBaseUIKit" */;
			productName = TTBaseUIKit;
		};
		BCB90CDC2ED06AFD00125913 /* TTBaseUIKit */ = {
			isa = XCSwiftPackageProductDependency;
			productName = TTBaseUIKit;
		};
		BCCF1A4A2E3A0EA2001BF6A3 /* TTBaseUIKit */ = {
			isa = XCSwiftPackageProductDependency;
			productName = TTBaseUIKit;
		};
		BCCF1A4D2E3A1346001BF6A3 /* TTBaseUIKit */ = {
			isa = XCSwiftPackageProductDependency;
			package = BCCF1A4C2E3A1346001BF6A3 /* XCRemoteSwiftPackageReference "TTBaseUIKit" */;
			productName = TTBaseUIKit;
		};
/* End XCSwiftPackageProductDependency section */
	};
	rootObject = 93F0FDBE22580B980037C427 /* Project object */;
}
