// !$*UTF8*$!
{
	archiveVersion = 1;
	classes = {
	};
	objectVersion = 54;
	objects = {

/* Begin PBXBuildFile section */
		3EBCD2935D897CEE9E73E6EA /* Pods_TTBaseUIKitExample.framework in Frameworks */ = {isa = PBXBuildFile; fileRef = 1DAFBF8936138D12F5AD96D6 /* Pods_TTBaseUIKitExample.framework */; };
		6D90040C299A1196004280F5 /* BaseView.swift in Sources */ = {isa = PBXBuildFile; fileRef = 6D90040B299A1196004280F5 /* BaseView.swift */; };
		930F2A6022AA75100001A511 /* Element.swift in Sources */ = {isa = PBXBuildFile; fileRef = 930F2A5F22AA75100001A511 /* Element.swift */; };
		934B1FFC22ABB6F000140EF7 /* CellTypeTableViewController.swift in Sources */ = {isa = PBXBuildFile; fileRef = 934B1FFB22ABB6F000140EF7 /* CellTypeTableViewController.swift */; };
		934B1FFE22ABBAB400140EF7 /* ShowMessageViewController.swift in Sources */ = {isa = PBXBuildFile; fileRef = 934B1FFD22ABBAB400140EF7 /* ShowMessageViewController.swift */; };
		9371FA6122AF8923005549E0 /* CoverPresentViewController.swift in Sources */ = {isa = PBXBuildFile; fileRef = 9371FA6022AF8923005549E0 /* CoverPresentViewController.swift */; };
		9371FA6322AF89F6005549E0 /* DatePickerViewController.swift in Sources */ = {isa = PBXBuildFile; fileRef = 9371FA6222AF89F6005549E0 /* DatePickerViewController.swift */; };
		9371FA6522AF8A89005549E0 /* EmptyTableViewController.swift in Sources */ = {isa = PBXBuildFile; fileRef = 9371FA6422AF8A89005549E0 /* EmptyTableViewController.swift */; };
		93BC0C3A22AA60C800E61D3C /* BaseUITableViewController.swift in Sources */ = {isa = PBXBuildFile; fileRef = 93BC0C3922AA60C800E61D3C /* BaseUITableViewController.swift */; };
		93BC0C3C22AA611400E61D3C /* ListCellTestTableViewController.swift in Sources */ = {isa = PBXBuildFile; fileRef = 93BC0C3B22AA611400E61D3C /* ListCellTestTableViewController.swift */; };
		93BC0C3E22AA61EB00E61D3C /* BaseUINavigationView.swift in Sources */ = {isa = PBXBuildFile; fileRef = 93BC0C3D22AA61EB00E61D3C /* BaseUINavigationView.swift */; };
		93BC0C4022AA622B00E61D3C /* Util.swift in Sources */ = {isa = PBXBuildFile; fileRef = 93BC0C3F22AA622B00E61D3C /* Util.swift */; };
		93BC0C4222AA629500E61D3C /* MenuViewController.swift in Sources */ = {isa = PBXBuildFile; fileRef = 93BC0C4122AA629500E61D3C /* MenuViewController.swift */; };
		93BC0C4422AA62DC00E61D3C /* BaseUIViewController.swift in Sources */ = {isa = PBXBuildFile; fileRef = 93BC0C4322AA62DC00E61D3C /* BaseUIViewController.swift */; };
		93BC0C4722AA69E300E61D3C /* DemoHeaderView.swift in Sources */ = {isa = PBXBuildFile; fileRef = 93BC0C4622AA69E300E61D3C /* DemoHeaderView.swift */; };
		93F0FDCA22580B980037C427 /* AppDelegate.swift in Sources */ = {isa = PBXBuildFile; fileRef = 93F0FDC922580B980037C427 /* AppDelegate.swift */; };
		93F0FDCC22580B980037C427 /* TestViewController.swift in Sources */ = {isa = PBXBuildFile; fileRef = 93F0FDCB22580B980037C427 /* TestViewController.swift */; };
		93F0FDCF22580B980037C427 /* Main.storyboard in Resources */ = {isa = PBXBuildFile; fileRef = 93F0FDCD22580B980037C427 /* Main.storyboard */; };
		93F0FDD122580B990037C427 /* Assets.xcassets in Resources */ = {isa = PBXBuildFile; fileRef = 93F0FDD022580B990037C427 /* Assets.xcassets */; };
		93F0FDD422580B990037C427 /* LaunchScreen.storyboard in Resources */ = {isa = PBXBuildFile; fileRef = 93F0FDD222580B990037C427 /* LaunchScreen.storyboard */; };
		BC2452CA2C5BB1FE00D3FEC5 /* BaseSetupContraintsViewController.swift in Sources */ = {isa = PBXBuildFile; fileRef = BC2452C62C5BB1FE00D3FEC5 /* BaseSetupContraintsViewController.swift */; };
		BC2452CB2C5BB1FE00D3FEC5 /* BaseSetupContraintsViewModel.swift in Sources */ = {isa = PBXBuildFile; fileRef = BC2452C82C5BB1FE00D3FEC5 /* BaseSetupContraintsViewModel.swift */; };
		BC2452CD2C5BB5B200D3FEC5 /* AdvanceSetupContraintsViewController.swift in Sources */ = {isa = PBXBuildFile; fileRef = BC2452CC2C5BB5B200D3FEC5 /* AdvanceSetupContraintsViewController.swift */; };
		BC2452DF2C5C7EF200D3FEC5 /* ShowPriceCalendarView.swift in Sources */ = {isa = PBXBuildFile; fileRef = BC2452CF2C5C7EF200D3FEC5 /* ShowPriceCalendarView.swift */; };
		BC2452E02C5C7EF200D3FEC5 /* CalendarPopupViewController.swift in Sources */ = {isa = PBXBuildFile; fileRef = BC2452D12C5C7EF200D3FEC5 /* CalendarPopupViewController.swift */; };
		BC2452E12C5C7EF200D3FEC5 /* CalendarPopupViewModel.swift in Sources */ = {isa = PBXBuildFile; fileRef = BC2452D22C5C7EF200D3FEC5 /* CalendarPopupViewModel.swift */; };
		BC2452E22C5C7EF200D3FEC5 /* MonthView.swift in Sources */ = {isa = PBXBuildFile; fileRef = BC2452D42C5C7EF200D3FEC5 /* MonthView.swift */; };
		BC2452E32C5C7EF200D3FEC5 /* WeekView.swift in Sources */ = {isa = PBXBuildFile; fileRef = BC2452D52C5C7EF200D3FEC5 /* WeekView.swift */; };
		BC2452E42C5C7EF200D3FEC5 /* CalendarCollectionCellViewModel.swift in Sources */ = {isa = PBXBuildFile; fileRef = BC2452D72C5C7EF200D3FEC5 /* CalendarCollectionCellViewModel.swift */; };
		BC2452E52C5C7EF200D3FEC5 /* CalendarCollectionViewCell.swift in Sources */ = {isa = PBXBuildFile; fileRef = BC2452D92C5C7EF200D3FEC5 /* CalendarCollectionViewCell.swift */; };
		BC2452E62C5C7EF200D3FEC5 /* CalendarViewModel.swift in Sources */ = {isa = PBXBuildFile; fileRef = BC2452DB2C5C7EF200D3FEC5 /* CalendarViewModel.swift */; };
		BC2452E72C5C7EF200D3FEC5 /* CalendarCollectionView.swift in Sources */ = {isa = PBXBuildFile; fileRef = BC2452DD2C5C7EF200D3FEC5 /* CalendarCollectionView.swift */; };
		BC2452E92C5C7F0700D3FEC5 /* BaseIconLeftRightTitleView.swift in Sources */ = {isa = PBXBuildFile; fileRef = BC2452E82C5C7F0700D3FEC5 /* BaseIconLeftRightTitleView.swift */; };
		BC2452EB2C5C7FBC00D3FEC5 /* BasePopupViewController.swift in Sources */ = {isa = PBXBuildFile; fileRef = BC2452EA2C5C7FBC00D3FEC5 /* BasePopupViewController.swift */; };
		BC2452EE2C5C8F2600D3FEC5 /* SUIBaseViewDemo.swift in Sources */ = {isa = PBXBuildFile; fileRef = BC2452ED2C5C8F2600D3FEC5 /* SUIBaseViewDemo.swift */; };
		BC2452F02C5C92DA00D3FEC5 /* BaseSwiftUINavView.swift in Sources */ = {isa = PBXBuildFile; fileRef = BC2452EF2C5C92DA00D3FEC5 /* BaseSwiftUINavView.swift */; };
		BC2452F22C5C9B5900D3FEC5 /* BaseSwiftUIButtonDemo.swift in Sources */ = {isa = PBXBuildFile; fileRef = BC2452F12C5C9B5900D3FEC5 /* BaseSwiftUIButtonDemo.swift */; };
		BC2452F42C5C9CF700D3FEC5 /* BaseSwiftUITextDemo.swift in Sources */ = {isa = PBXBuildFile; fileRef = BC2452F32C5C9CF700D3FEC5 /* BaseSwiftUITextDemo.swift */; };
		BC78A9AE2C525308008E0BA4 /* WebViewController.swift in Sources */ = {isa = PBXBuildFile; fileRef = BC78A9AD2C525308008E0BA4 /* WebViewController.swift */; };
		BCA2808B2C59FC3D00472024 /* BaseComponentsViewModel.swift in Sources */ = {isa = PBXBuildFile; fileRef = BCA280882C59FC3D00472024 /* BaseComponentsViewModel.swift */; };
		BCA2808C2C59FC3D00472024 /* BaseComponentsViewController.swift in Sources */ = {isa = PBXBuildFile; fileRef = BCA2808A2C59FC3D00472024 /* BaseComponentsViewController.swift */; };
		BCA2808E2C5A1FF300472024 /* DemoCustomView.swift in Sources */ = {isa = PBXBuildFile; fileRef = BCA2808D2C5A1FF300472024 /* DemoCustomView.swift */; };
		BCA2809A2C5A4ED600472024 /* BaseColllectionViewViewController.swift in Sources */ = {isa = PBXBuildFile; fileRef = BCA280962C5A4ED600472024 /* BaseColllectionViewViewController.swift */; };
		BCA2809B2C5A4ED600472024 /* BaseColllectionViewViewModel.swift in Sources */ = {isa = PBXBuildFile; fileRef = BCA280982C5A4ED600472024 /* BaseColllectionViewViewModel.swift */; };
		BCA2809D2C5A4F9A00472024 /* HomeNewHealthProductsViewCollectionCell.swift in Sources */ = {isa = PBXBuildFile; fileRef = BCA2809C2C5A4F9A00472024 /* HomeNewHealthProductsViewCollectionCell.swift */; };
		BCCD6BB02C5E020E00DA9164 /* BaseSwiftUIImageDemo.swift in Sources */ = {isa = PBXBuildFile; fileRef = BCCD6BAF2C5E020E00DA9164 /* BaseSwiftUIImageDemo.swift */; };
		BCCD6BB22C5E047500DA9164 /* BaseSwiftUIScrollStackDemo.swift in Sources */ = {isa = PBXBuildFile; fileRef = BCCD6BB12C5E047500DA9164 /* BaseSwiftUIScrollStackDemo.swift */; };
		BCCD6BB42C5E04DF00DA9164 /* BaseSwiftUIStackDemo.swift in Sources */ = {isa = PBXBuildFile; fileRef = BCCD6BB32C5E04DF00DA9164 /* BaseSwiftUIStackDemo.swift */; };
		BCCD6BB62C5E069700DA9164 /* BaseSwiftUISpacerDemo.swift in Sources */ = {isa = PBXBuildFile; fileRef = BCCD6BB52C5E069700DA9164 /* BaseSwiftUISpacerDemo.swift */; };
		BCCD6BB82C5E072F00DA9164 /* BaseSwiftUIDividerDemo.swift in Sources */ = {isa = PBXBuildFile; fileRef = BCCD6BB72C5E072F00DA9164 /* BaseSwiftUIDividerDemo.swift */; };
		BCD8B24D2D895CA5000A53CF /* BaseCustomFlowLayoutColllectionViewController.swift in Sources */ = {isa = PBXBuildFile; fileRef = BCD8B24C2D895CA5000A53CF /* BaseCustomFlowLayoutColllectionViewController.swift */; };
		BCD8B24F2D895D57000A53CF /* BaseCustomUICollectionFlowLayoutViewCell.swift in Sources */ = {isa = PBXBuildFile; fileRef = BCD8B24E2D895D57000A53CF /* BaseCustomUICollectionFlowLayoutViewCell.swift */; };
		BCF1F3512C58FD7C0062610C /* TTBaseUIKit+Extension.swift in Sources */ = {isa = PBXBuildFile; fileRef = BCF1F3502C58FD7C0062610C /* TTBaseUIKit+Extension.swift */; };
		BCF1F36B2C58FF990062610C /* DemoViewController.swift in Sources */ = {isa = PBXBuildFile; fileRef = BCF1F3672C58FF990062610C /* DemoViewController.swift */; };
		BCF1F36C2C58FF990062610C /* DemoViewModel.swift in Sources */ = {isa = PBXBuildFile; fileRef = BCF1F3692C58FF990062610C /* DemoViewModel.swift */; };
		BCF1F36F2C59002D0062610C /* ResponseModel.swift in Sources */ = {isa = PBXBuildFile; fileRef = BCF1F36E2C59002D0062610C /* ResponseModel.swift */; };
		BCF1F3812C5906A60062610C /* BaseTableViewModel.swift in Sources */ = {isa = PBXBuildFile; fileRef = BCF1F37D2C5906A60062610C /* BaseTableViewModel.swift */; };
		BCF1F3822C5906A60062610C /* BaseTableViewController.swift in Sources */ = {isa = PBXBuildFile; fileRef = BCF1F3802C5906A60062610C /* BaseTableViewController.swift */; };
		BCF1F3842C5906CE0062610C /* DemoTableViewCell.swift in Sources */ = {isa = PBXBuildFile; fileRef = BCF1F3832C5906CE0062610C /* DemoTableViewCell.swift */; };
/* End PBXBuildFile section */

/* Begin PBXFileReference section */
		12C591B1D28BAD7844B95DAF /* Pods-TTBaseUIKitExample.release.xcconfig */ = {isa = PBXFileReference; includeInIndex = 1; lastKnownFileType = text.xcconfig; name = "Pods-TTBaseUIKitExample.release.xcconfig"; path = "Target Support Files/Pods-TTBaseUIKitExample/Pods-TTBaseUIKitExample.release.xcconfig"; sourceTree = "<group>"; };
		1DAFBF8936138D12F5AD96D6 /* Pods_TTBaseUIKitExample.framework */ = {isa = PBXFileReference; explicitFileType = wrapper.framework; includeInIndex = 0; path = Pods_TTBaseUIKitExample.framework; sourceTree = BUILT_PRODUCTS_DIR; };
		2165050AD72AAAD145735036 /* Pods-TTBaseUIKitExample.debug.xcconfig */ = {isa = PBXFileReference; includeInIndex = 1; lastKnownFileType = text.xcconfig; name = "Pods-TTBaseUIKitExample.debug.xcconfig"; path = "Target Support Files/Pods-TTBaseUIKitExample/Pods-TTBaseUIKitExample.debug.xcconfig"; sourceTree = "<group>"; };
		6D90040B299A1196004280F5 /* BaseView.swift */ = {isa = PBXFileReference; lastKnownFileType = sourcecode.swift; path = BaseView.swift; sourceTree = "<group>"; };
		930F2A5F22AA75100001A511 /* Element.swift */ = {isa = PBXFileReference; lastKnownFileType = sourcecode.swift; path = Element.swift; sourceTree = "<group>"; };
		934B1FFB22ABB6F000140EF7 /* CellTypeTableViewController.swift */ = {isa = PBXFileReference; lastKnownFileType = sourcecode.swift; path = CellTypeTableViewController.swift; sourceTree = "<group>"; };
		934B1FFD22ABBAB400140EF7 /* ShowMessageViewController.swift */ = {isa = PBXFileReference; lastKnownFileType = sourcecode.swift; path = ShowMessageViewController.swift; sourceTree = "<group>"; };
		9371FA6022AF8923005549E0 /* CoverPresentViewController.swift */ = {isa = PBXFileReference; lastKnownFileType = sourcecode.swift; path = CoverPresentViewController.swift; sourceTree = "<group>"; };
		9371FA6222AF89F6005549E0 /* DatePickerViewController.swift */ = {isa = PBXFileReference; lastKnownFileType = sourcecode.swift; path = DatePickerViewController.swift; sourceTree = "<group>"; };
		9371FA6422AF8A89005549E0 /* EmptyTableViewController.swift */ = {isa = PBXFileReference; lastKnownFileType = sourcecode.swift; path = EmptyTableViewController.swift; sourceTree = "<group>"; };
		93BC0C3922AA60C800E61D3C /* BaseUITableViewController.swift */ = {isa = PBXFileReference; lastKnownFileType = sourcecode.swift; path = BaseUITableViewController.swift; sourceTree = "<group>"; };
		93BC0C3B22AA611400E61D3C /* ListCellTestTableViewController.swift */ = {isa = PBXFileReference; lastKnownFileType = sourcecode.swift; path = ListCellTestTableViewController.swift; sourceTree = "<group>"; };
		93BC0C3D22AA61EB00E61D3C /* BaseUINavigationView.swift */ = {isa = PBXFileReference; lastKnownFileType = sourcecode.swift; path = BaseUINavigationView.swift; sourceTree = "<group>"; };
		93BC0C3F22AA622B00E61D3C /* Util.swift */ = {isa = PBXFileReference; lastKnownFileType = sourcecode.swift; path = Util.swift; sourceTree = "<group>"; };
		93BC0C4122AA629500E61D3C /* MenuViewController.swift */ = {isa = PBXFileReference; lastKnownFileType = sourcecode.swift; path = MenuViewController.swift; sourceTree = "<group>"; };
		93BC0C4322AA62DC00E61D3C /* BaseUIViewController.swift */ = {isa = PBXFileReference; lastKnownFileType = sourcecode.swift; path = BaseUIViewController.swift; sourceTree = "<group>"; };
		93BC0C4622AA69E300E61D3C /* DemoHeaderView.swift */ = {isa = PBXFileReference; lastKnownFileType = sourcecode.swift; path = DemoHeaderView.swift; sourceTree = "<group>"; };
		93F0FDC622580B980037C427 /* TTBaseUIKitExample.app */ = {isa = PBXFileReference; explicitFileType = wrapper.application; includeInIndex = 0; path = TTBaseUIKitExample.app; sourceTree = BUILT_PRODUCTS_DIR; };
		93F0FDC922580B980037C427 /* AppDelegate.swift */ = {isa = PBXFileReference; lastKnownFileType = sourcecode.swift; path = AppDelegate.swift; sourceTree = "<group>"; };
		93F0FDCB22580B980037C427 /* TestViewController.swift */ = {isa = PBXFileReference; lastKnownFileType = sourcecode.swift; path = TestViewController.swift; sourceTree = "<group>"; };
		93F0FDCE22580B980037C427 /* Base */ = {isa = PBXFileReference; lastKnownFileType = file.storyboard; name = Base; path = Base.lproj/Main.storyboard; sourceTree = "<group>"; };
		93F0FDD022580B990037C427 /* Assets.xcassets */ = {isa = PBXFileReference; lastKnownFileType = folder.assetcatalog; path = Assets.xcassets; sourceTree = "<group>"; };
		93F0FDD322580B990037C427 /* Base */ = {isa = PBXFileReference; lastKnownFileType = file.storyboard; name = Base; path = Base.lproj/LaunchScreen.storyboard; sourceTree = "<group>"; };
		93F0FDD522580B990037C427 /* Info.plist */ = {isa = PBXFileReference; lastKnownFileType = text.plist.xml; path = Info.plist; sourceTree = "<group>"; };
		BC2452C62C5BB1FE00D3FEC5 /* BaseSetupContraintsViewController.swift */ = {isa = PBXFileReference; fileEncoding = 4; lastKnownFileType = sourcecode.swift; path = BaseSetupContraintsViewController.swift; sourceTree = "<group>"; };
		BC2452C82C5BB1FE00D3FEC5 /* BaseSetupContraintsViewModel.swift */ = {isa = PBXFileReference; fileEncoding = 4; lastKnownFileType = sourcecode.swift; path = BaseSetupContraintsViewModel.swift; sourceTree = "<group>"; };
		BC2452CC2C5BB5B200D3FEC5 /* AdvanceSetupContraintsViewController.swift */ = {isa = PBXFileReference; lastKnownFileType = sourcecode.swift; path = AdvanceSetupContraintsViewController.swift; sourceTree = "<group>"; };
		BC2452CF2C5C7EF200D3FEC5 /* ShowPriceCalendarView.swift */ = {isa = PBXFileReference; fileEncoding = 4; lastKnownFileType = sourcecode.swift; path = ShowPriceCalendarView.swift; sourceTree = "<group>"; };
		BC2452D12C5C7EF200D3FEC5 /* CalendarPopupViewController.swift */ = {isa = PBXFileReference; fileEncoding = 4; lastKnownFileType = sourcecode.swift; path = CalendarPopupViewController.swift; sourceTree = "<group>"; };
		BC2452D22C5C7EF200D3FEC5 /* CalendarPopupViewModel.swift */ = {isa = PBXFileReference; fileEncoding = 4; lastKnownFileType = sourcecode.swift; path = CalendarPopupViewModel.swift; sourceTree = "<group>"; };
		BC2452D42C5C7EF200D3FEC5 /* MonthView.swift */ = {isa = PBXFileReference; fileEncoding = 4; lastKnownFileType = sourcecode.swift; path = MonthView.swift; sourceTree = "<group>"; };
		BC2452D52C5C7EF200D3FEC5 /* WeekView.swift */ = {isa = PBXFileReference; fileEncoding = 4; lastKnownFileType = sourcecode.swift; path = WeekView.swift; sourceTree = "<group>"; };
		BC2452D72C5C7EF200D3FEC5 /* CalendarCollectionCellViewModel.swift */ = {isa = PBXFileReference; fileEncoding = 4; lastKnownFileType = sourcecode.swift; path = CalendarCollectionCellViewModel.swift; sourceTree = "<group>"; };
		BC2452D92C5C7EF200D3FEC5 /* CalendarCollectionViewCell.swift */ = {isa = PBXFileReference; fileEncoding = 4; lastKnownFileType = sourcecode.swift; path = CalendarCollectionViewCell.swift; sourceTree = "<group>"; };
		BC2452DB2C5C7EF200D3FEC5 /* CalendarViewModel.swift */ = {isa = PBXFileReference; fileEncoding = 4; lastKnownFileType = sourcecode.swift; path = CalendarViewModel.swift; sourceTree = "<group>"; };
		BC2452DD2C5C7EF200D3FEC5 /* CalendarCollectionView.swift */ = {isa = PBXFileReference; fileEncoding = 4; lastKnownFileType = sourcecode.swift; path = CalendarCollectionView.swift; sourceTree = "<group>"; };
		BC2452E82C5C7F0700D3FEC5 /* BaseIconLeftRightTitleView.swift */ = {isa = PBXFileReference; lastKnownFileType = sourcecode.swift; path = BaseIconLeftRightTitleView.swift; sourceTree = "<group>"; };
		BC2452EA2C5C7FBC00D3FEC5 /* BasePopupViewController.swift */ = {isa = PBXFileReference; lastKnownFileType = sourcecode.swift; path = BasePopupViewController.swift; sourceTree = "<group>"; };
		BC2452ED2C5C8F2600D3FEC5 /* SUIBaseViewDemo.swift */ = {isa = PBXFileReference; lastKnownFileType = sourcecode.swift; path = SUIBaseViewDemo.swift; sourceTree = "<group>"; };
		BC2452EF2C5C92DA00D3FEC5 /* BaseSwiftUINavView.swift */ = {isa = PBXFileReference; lastKnownFileType = sourcecode.swift; path = BaseSwiftUINavView.swift; sourceTree = "<group>"; };
		BC2452F12C5C9B5900D3FEC5 /* BaseSwiftUIButtonDemo.swift */ = {isa = PBXFileReference; lastKnownFileType = sourcecode.swift; path = BaseSwiftUIButtonDemo.swift; sourceTree = "<group>"; };
		BC2452F32C5C9CF700D3FEC5 /* BaseSwiftUITextDemo.swift */ = {isa = PBXFileReference; lastKnownFileType = sourcecode.swift; path = BaseSwiftUITextDemo.swift; sourceTree = "<group>"; };
		BC78A9AD2C525308008E0BA4 /* WebViewController.swift */ = {isa = PBXFileReference; lastKnownFileType = sourcecode.swift; path = WebViewController.swift; sourceTree = "<group>"; };
		BCA280882C59FC3D00472024 /* BaseComponentsViewModel.swift */ = {isa = PBXFileReference; fileEncoding = 4; lastKnownFileType = sourcecode.swift; path = BaseComponentsViewModel.swift; sourceTree = "<group>"; };
		BCA2808A2C59FC3D00472024 /* BaseComponentsViewController.swift */ = {isa = PBXFileReference; fileEncoding = 4; lastKnownFileType = sourcecode.swift; path = BaseComponentsViewController.swift; sourceTree = "<group>"; };
		BCA2808D2C5A1FF300472024 /* DemoCustomView.swift */ = {isa = PBXFileReference; lastKnownFileType = sourcecode.swift; path = DemoCustomView.swift; sourceTree = "<group>"; };
		BCA280962C5A4ED600472024 /* BaseColllectionViewViewController.swift */ = {isa = PBXFileReference; fileEncoding = 4; lastKnownFileType = sourcecode.swift; path = BaseColllectionViewViewController.swift; sourceTree = "<group>"; };
		BCA280982C5A4ED600472024 /* BaseColllectionViewViewModel.swift */ = {isa = PBXFileReference; fileEncoding = 4; lastKnownFileType = sourcecode.swift; path = BaseColllectionViewViewModel.swift; sourceTree = "<group>"; };
		BCA2809C2C5A4F9A00472024 /* HomeNewHealthProductsViewCollectionCell.swift */ = {isa = PBXFileReference; lastKnownFileType = sourcecode.swift; path = HomeNewHealthProductsViewCollectionCell.swift; sourceTree = "<group>"; };
		BCCD6BAF2C5E020E00DA9164 /* BaseSwiftUIImageDemo.swift */ = {isa = PBXFileReference; lastKnownFileType = sourcecode.swift; path = BaseSwiftUIImageDemo.swift; sourceTree = "<group>"; };
		BCCD6BB12C5E047500DA9164 /* BaseSwiftUIScrollStackDemo.swift */ = {isa = PBXFileReference; lastKnownFileType = sourcecode.swift; path = BaseSwiftUIScrollStackDemo.swift; sourceTree = "<group>"; };
		BCCD6BB32C5E04DF00DA9164 /* BaseSwiftUIStackDemo.swift */ = {isa = PBXFileReference; lastKnownFileType = sourcecode.swift; path = BaseSwiftUIStackDemo.swift; sourceTree = "<group>"; };
		BCCD6BB52C5E069700DA9164 /* BaseSwiftUISpacerDemo.swift */ = {isa = PBXFileReference; lastKnownFileType = sourcecode.swift; path = BaseSwiftUISpacerDemo.swift; sourceTree = "<group>"; };
		BCCD6BB72C5E072F00DA9164 /* BaseSwiftUIDividerDemo.swift */ = {isa = PBXFileReference; lastKnownFileType = sourcecode.swift; path = BaseSwiftUIDividerDemo.swift; sourceTree = "<group>"; };
		BCD8B24C2D895CA5000A53CF /* BaseCustomFlowLayoutColllectionViewController.swift */ = {isa = PBXFileReference; lastKnownFileType = sourcecode.swift; path = BaseCustomFlowLayoutColllectionViewController.swift; sourceTree = "<group>"; };
		BCD8B24E2D895D57000A53CF /* BaseCustomUICollectionFlowLayoutViewCell.swift */ = {isa = PBXFileReference; lastKnownFileType = sourcecode.swift; path = BaseCustomUICollectionFlowLayoutViewCell.swift; sourceTree = "<group>"; };
		BCF1F3502C58FD7C0062610C /* TTBaseUIKit+Extension.swift */ = {isa = PBXFileReference; lastKnownFileType = sourcecode.swift; path = "TTBaseUIKit+Extension.swift"; sourceTree = "<group>"; };
		BCF1F3672C58FF990062610C /* DemoViewController.swift */ = {isa = PBXFileReference; fileEncoding = 4; lastKnownFileType = sourcecode.swift; path = DemoViewController.swift; sourceTree = "<group>"; };
		BCF1F3692C58FF990062610C /* DemoViewModel.swift */ = {isa = PBXFileReference; fileEncoding = 4; lastKnownFileType = sourcecode.swift; path = DemoViewModel.swift; sourceTree = "<group>"; };
		BCF1F36E2C59002D0062610C /* ResponseModel.swift */ = {isa = PBXFileReference; lastKnownFileType = sourcecode.swift; path = ResponseModel.swift; sourceTree = "<group>"; };
		BCF1F37D2C5906A60062610C /* BaseTableViewModel.swift */ = {isa = PBXFileReference; fileEncoding = 4; lastKnownFileType = sourcecode.swift; path = BaseTableViewModel.swift; sourceTree = "<group>"; };
		BCF1F3802C5906A60062610C /* BaseTableViewController.swift */ = {isa = PBXFileReference; fileEncoding = 4; lastKnownFileType = sourcecode.swift; path = BaseTableViewController.swift; sourceTree = "<group>"; };
		BCF1F3832C5906CE0062610C /* DemoTableViewCell.swift */ = {isa = PBXFileReference; lastKnownFileType = sourcecode.swift; path = DemoTableViewCell.swift; sourceTree = "<group>"; };
/* End PBXFileReference section */

/* Begin PBXFrameworksBuildPhase section */
		93F0FDC322580B980037C427 /* Frameworks */ = {
			isa = PBXFrameworksBuildPhase;
			buildActionMask = 2147483647;
			files = (
				3EBCD2935D897CEE9E73E6EA /* Pods_TTBaseUIKitExample.framework in Frameworks */,
			);
			runOnlyForDeploymentPostprocessing = 0;
		};
/* End PBXFrameworksBuildPhase section */

/* Begin PBXGroup section */
		67EFC6AA26471B4869252A7B /* Frameworks */ = {
			isa = PBXGroup;
			children = (
				1DAFBF8936138D12F5AD96D6 /* Pods_TTBaseUIKitExample.framework */,
			);
			name = Frameworks;
			sourceTree = "<group>";
		};
		6A34018F88219E181DE14D80 /* Pods */ = {
			isa = PBXGroup;
			children = (
				2165050AD72AAAD145735036 /* Pods-TTBaseUIKitExample.debug.xcconfig */,
				12C591B1D28BAD7844B95DAF /* Pods-TTBaseUIKitExample.release.xcconfig */,
			);
			path = Pods;
			sourceTree = "<group>";
		};
		930F2A5E22AA75050001A511 /* Test */ = {
			isa = PBXGroup;
			children = (
				930F2A5F22AA75100001A511 /* Element.swift */,
			);
			path = Test;
			sourceTree = "<group>";
		};
		93BC0C3822AA60B700E61D3C /* Base */ = {
			isa = PBXGroup;
			children = (
				93BC0C3922AA60C800E61D3C /* BaseUITableViewController.swift */,
				93BC0C3D22AA61EB00E61D3C /* BaseUINavigationView.swift */,
				93BC0C3F22AA622B00E61D3C /* Util.swift */,
				93BC0C4322AA62DC00E61D3C /* BaseUIViewController.swift */,
				BCF1F3502C58FD7C0062610C /* TTBaseUIKit+Extension.swift */,
				BCA2808D2C5A1FF300472024 /* DemoCustomView.swift */,
				BC2452E82C5C7F0700D3FEC5 /* BaseIconLeftRightTitleView.swift */,
				BC2452EA2C5C7FBC00D3FEC5 /* BasePopupViewController.swift */,
			);
			path = Base;
			sourceTree = "<group>";
		};
		93BC0C4522AA653700E61D3C /* View */ = {
			isa = PBXGroup;
			children = (
				93BC0C4122AA629500E61D3C /* MenuViewController.swift */,
				93BC0C3B22AA611400E61D3C /* ListCellTestTableViewController.swift */,
				93BC0C4622AA69E300E61D3C /* DemoHeaderView.swift */,
				934B1FFB22ABB6F000140EF7 /* CellTypeTableViewController.swift */,
				934B1FFD22ABBAB400140EF7 /* ShowMessageViewController.swift */,
				9371FA6022AF8923005549E0 /* CoverPresentViewController.swift */,
				9371FA6222AF89F6005549E0 /* DatePickerViewController.swift */,
				9371FA6422AF8A89005549E0 /* EmptyTableViewController.swift */,
				6D90040B299A1196004280F5 /* BaseView.swift */,
				BC78A9AD2C525308008E0BA4 /* WebViewController.swift */,
			);
			path = View;
			sourceTree = "<group>";
		};
		93F0FDBD22580B980037C427 = {
			isa = PBXGroup;
			children = (
				93F0FDC822580B980037C427 /* TTBaseUIKitExample */,
				93F0FDC722580B980037C427 /* Products */,
				6A34018F88219E181DE14D80 /* Pods */,
				67EFC6AA26471B4869252A7B /* Frameworks */,
			);
			sourceTree = "<group>";
		};
		93F0FDC722580B980037C427 /* Products */ = {
			isa = PBXGroup;
			children = (
				93F0FDC622580B980037C427 /* TTBaseUIKitExample.app */,
			);
			name = Products;
			sourceTree = "<group>";
		};
		93F0FDC822580B980037C427 /* TTBaseUIKitExample */ = {
			isa = PBXGroup;
			children = (
				BCF1F36D2C5900210062610C /* Model */,
				BC2452EC2C5C8BFC00D3FEC5 /* DemoSwiftUI */,
				BCF1F3592C58FF420062610C /* Demo */,
				930F2A5E22AA75050001A511 /* Test */,
				93BC0C4522AA653700E61D3C /* View */,
				93BC0C3822AA60B700E61D3C /* Base */,
				93F0FDC922580B980037C427 /* AppDelegate.swift */,
				93F0FDCB22580B980037C427 /* TestViewController.swift */,
				93F0FDCD22580B980037C427 /* Main.storyboard */,
				93F0FDD022580B990037C427 /* Assets.xcassets */,
				93F0FDD222580B990037C427 /* LaunchScreen.storyboard */,
				93F0FDD522580B990037C427 /* Info.plist */,
			);
			path = TTBaseUIKitExample;
			sourceTree = "<group>";
		};
		BC2452BF2C5BB1DA00D3FEC5 /* BaseSetupContraints */ = {
			isa = PBXGroup;
			children = (
				BC2452C62C5BB1FE00D3FEC5 /* BaseSetupContraintsViewController.swift */,
				BC2452C72C5BB1FE00D3FEC5 /* CustomView */,
				BC2452C92C5BB1FE00D3FEC5 /* ViewModel */,
				BC2452CC2C5BB5B200D3FEC5 /* AdvanceSetupContraintsViewController.swift */,
			);
			path = BaseSetupContraints;
			sourceTree = "<group>";
		};
		BC2452C72C5BB1FE00D3FEC5 /* CustomView */ = {
			isa = PBXGroup;
			children = (
			);
			path = CustomView;
			sourceTree = "<group>";
		};
		BC2452C92C5BB1FE00D3FEC5 /* ViewModel */ = {
			isa = PBXGroup;
			children = (
				BC2452C82C5BB1FE00D3FEC5 /* BaseSetupContraintsViewModel.swift */,
			);
			path = ViewModel;
			sourceTree = "<group>";
		};
		BC2452CE2C5C7EDC00D3FEC5 /* BaseCalendar */ = {
			isa = PBXGroup;
			children = (
				BC2452D12C5C7EF200D3FEC5 /* CalendarPopupViewController.swift */,
				BC2452DE2C5C7EF200D3FEC5 /* CollectionView */,
				BC2452D02C5C7EF200D3FEC5 /* CustomView */,
				BC2452D32C5C7EF200D3FEC5 /* ViewModel */,
			);
			path = BaseCalendar;
			sourceTree = "<group>";
		};
		BC2452D02C5C7EF200D3FEC5 /* CustomView */ = {
			isa = PBXGroup;
			children = (
				BC2452CF2C5C7EF200D3FEC5 /* ShowPriceCalendarView.swift */,
			);
			path = CustomView;
			sourceTree = "<group>";
		};
		BC2452D32C5C7EF200D3FEC5 /* ViewModel */ = {
			isa = PBXGroup;
			children = (
				BC2452D22C5C7EF200D3FEC5 /* CalendarPopupViewModel.swift */,
			);
			path = ViewModel;
			sourceTree = "<group>";
		};
		BC2452D62C5C7EF200D3FEC5 /* CustomView */ = {
			isa = PBXGroup;
			children = (
				BC2452D42C5C7EF200D3FEC5 /* MonthView.swift */,
				BC2452D52C5C7EF200D3FEC5 /* WeekView.swift */,
			);
			path = CustomView;
			sourceTree = "<group>";
		};
		BC2452D82C5C7EF200D3FEC5 /* ViewModel */ = {
			isa = PBXGroup;
			children = (
				BC2452D72C5C7EF200D3FEC5 /* CalendarCollectionCellViewModel.swift */,
			);
			path = ViewModel;
			sourceTree = "<group>";
		};
		BC2452DA2C5C7EF200D3FEC5 /* ViewCell */ = {
			isa = PBXGroup;
			children = (
				BC2452D82C5C7EF200D3FEC5 /* ViewModel */,
				BC2452D92C5C7EF200D3FEC5 /* CalendarCollectionViewCell.swift */,
			);
			path = ViewCell;
			sourceTree = "<group>";
		};
		BC2452DC2C5C7EF200D3FEC5 /* ViewModel */ = {
			isa = PBXGroup;
			children = (
				BC2452DB2C5C7EF200D3FEC5 /* CalendarViewModel.swift */,
			);
			path = ViewModel;
			sourceTree = "<group>";
		};
		BC2452DE2C5C7EF200D3FEC5 /* CollectionView */ = {
			isa = PBXGroup;
			children = (
				BC2452D62C5C7EF200D3FEC5 /* CustomView */,
				BC2452DA2C5C7EF200D3FEC5 /* ViewCell */,
				BC2452DC2C5C7EF200D3FEC5 /* ViewModel */,
				BC2452DD2C5C7EF200D3FEC5 /* CalendarCollectionView.swift */,
			);
			path = CollectionView;
			sourceTree = "<group>";
		};
		BC2452EC2C5C8BFC00D3FEC5 /* DemoSwiftUI */ = {
			isa = PBXGroup;
			children = (
				BC2452ED2C5C8F2600D3FEC5 /* SUIBaseViewDemo.swift */,
				BC2452EF2C5C92DA00D3FEC5 /* BaseSwiftUINavView.swift */,
				BC2452F12C5C9B5900D3FEC5 /* BaseSwiftUIButtonDemo.swift */,
				BC2452F32C5C9CF700D3FEC5 /* BaseSwiftUITextDemo.swift */,
				BCCD6BAF2C5E020E00DA9164 /* BaseSwiftUIImageDemo.swift */,
				BCCD6BB12C5E047500DA9164 /* BaseSwiftUIScrollStackDemo.swift */,
				BCCD6BB32C5E04DF00DA9164 /* BaseSwiftUIStackDemo.swift */,
				BCCD6BB52C5E069700DA9164 /* BaseSwiftUISpacerDemo.swift */,
				BCCD6BB72C5E072F00DA9164 /* BaseSwiftUIDividerDemo.swift */,
			);
			path = DemoSwiftUI;
			sourceTree = "<group>";
		};
		BCA280802C59FC1E00472024 /* BaseComponents */ = {
			isa = PBXGroup;
			children = (
				BCA2808A2C59FC3D00472024 /* BaseComponentsViewController.swift */,
				BCA280872C59FC3D00472024 /* CustomView */,
				BCA280892C59FC3D00472024 /* ViewModel */,
			);
			path = BaseComponents;
			sourceTree = "<group>";
		};
		BCA280872C59FC3D00472024 /* CustomView */ = {
			isa = PBXGroup;
			children = (
			);
			path = CustomView;
			sourceTree = "<group>";
		};
		BCA280892C59FC3D00472024 /* ViewModel */ = {
			isa = PBXGroup;
			children = (
				BCA280882C59FC3D00472024 /* BaseComponentsViewModel.swift */,
			);
			path = ViewModel;
			sourceTree = "<group>";
		};
		BCA2808F2C5A4EA700472024 /* BaseColllectionView */ = {
			isa = PBXGroup;
			children = (
				BCA280962C5A4ED600472024 /* BaseColllectionViewViewController.swift */,
				BCD8B24C2D895CA5000A53CF /* BaseCustomFlowLayoutColllectionViewController.swift */,
				BCA280972C5A4ED600472024 /* CustomView */,
				BCA280992C5A4ED600472024 /* ViewModel */,
			);
			path = BaseColllectionView;
			sourceTree = "<group>";
		};
		BCA280972C5A4ED600472024 /* CustomView */ = {
			isa = PBXGroup;
			children = (
				BCD8B24E2D895D57000A53CF /* BaseCustomUICollectionFlowLayoutViewCell.swift */,
				BCA2809C2C5A4F9A00472024 /* HomeNewHealthProductsViewCollectionCell.swift */,
			);
			path = CustomView;
			sourceTree = "<group>";
		};
		BCA280992C5A4ED600472024 /* ViewModel */ = {
			isa = PBXGroup;
			children = (
				BCA280982C5A4ED600472024 /* BaseColllectionViewViewModel.swift */,
			);
			path = ViewModel;
			sourceTree = "<group>";
		};
		BCF1F3592C58FF420062610C /* Demo */ = {
			isa = PBXGroup;
			children = (
				BC2452CE2C5C7EDC00D3FEC5 /* BaseCalendar */,
				BC2452BF2C5BB1DA00D3FEC5 /* BaseSetupContraints */,
				BCA2808F2C5A4EA700472024 /* BaseColllectionView */,
				BCA280802C59FC1E00472024 /* BaseComponents */,
				BCF1F3702C5906850062610C /* BaseTableViewController */,
				BCF1F3602C58FF7D0062610C /* BaseViewController */,
			);
			path = Demo;
			sourceTree = "<group>";
		};
		BCF1F3602C58FF7D0062610C /* BaseViewController */ = {
			isa = PBXGroup;
			children = (
				BCF1F3682C58FF990062610C /* CustomView */,
				BCF1F3672C58FF990062610C /* DemoViewController.swift */,
				BCF1F36A2C58FF990062610C /* ViewModel */,
			);
			path = BaseViewController;
			sourceTree = "<group>";
		};
		BCF1F3682C58FF990062610C /* CustomView */ = {
			isa = PBXGroup;
			children = (
			);
			path = CustomView;
			sourceTree = "<group>";
		};
		BCF1F36A2C58FF990062610C /* ViewModel */ = {
			isa = PBXGroup;
			children = (
				BCF1F3692C58FF990062610C /* DemoViewModel.swift */,
			);
			path = ViewModel;
			sourceTree = "<group>";
		};
		BCF1F36D2C5900210062610C /* Model */ = {
			isa = PBXGroup;
			children = (
				BCF1F36E2C59002D0062610C /* ResponseModel.swift */,
			);
			path = Model;
			sourceTree = "<group>";
		};
		BCF1F3702C5906850062610C /* BaseTableViewController */ = {
			isa = PBXGroup;
			children = (
				BCF1F3802C5906A60062610C /* BaseTableViewController.swift */,
				BCF1F37F2C5906A60062610C /* CustomView */,
				BCF1F37C2C5906A60062610C /* TableHeaderFooterViewCell */,
				BCF1F37B2C5906A60062610C /* TableViewCell */,
				BCF1F37E2C5906A60062610C /* ViewModel */,
			);
			path = BaseTableViewController;
			sourceTree = "<group>";
		};
		BCF1F37B2C5906A60062610C /* TableViewCell */ = {
			isa = PBXGroup;
			children = (
				BCF1F3832C5906CE0062610C /* DemoTableViewCell.swift */,
			);
			path = TableViewCell;
			sourceTree = "<group>";
		};
		BCF1F37C2C5906A60062610C /* TableHeaderFooterViewCell */ = {
			isa = PBXGroup;
			children = (
			);
			path = TableHeaderFooterViewCell;
			sourceTree = "<group>";
		};
		BCF1F37E2C5906A60062610C /* ViewModel */ = {
			isa = PBXGroup;
			children = (
				BCF1F37D2C5906A60062610C /* BaseTableViewModel.swift */,
			);
			path = ViewModel;
			sourceTree = "<group>";
		};
		BCF1F37F2C5906A60062610C /* CustomView */ = {
			isa = PBXGroup;
			children = (
			);
			path = CustomView;
			sourceTree = "<group>";
		};
/* End PBXGroup section */

/* Begin PBXNativeTarget section */
		93F0FDC522580B980037C427 /* TTBaseUIKitExample */ = {
			isa = PBXNativeTarget;
			buildConfigurationList = 93F0FDD822580B990037C427 /* Build configuration list for PBXNativeTarget "TTBaseUIKitExample" */;
			buildPhases = (
				990147F1F2B1F9D991E21616 /* [CP] Check Pods Manifest.lock */,
				93F0FDC222580B980037C427 /* Sources */,
				93F0FDC322580B980037C427 /* Frameworks */,
				93F0FDC422580B980037C427 /* Resources */,
				1193AE655C33AFB4463D727D /* [CP] Embed Pods Frameworks */,
			);
			buildRules = (
			);
			dependencies = (
			);
			name = TTBaseUIKitExample;
			productName = TTBaseUIKitExample;
			productReference = 93F0FDC622580B980037C427 /* TTBaseUIKitExample.app */;
			productType = "com.apple.product-type.application";
		};
/* End PBXNativeTarget section */

/* Begin PBXProject section */
		93F0FDBE22580B980037C427 /* Project object */ = {
			isa = PBXProject;
			attributes = {
				LastSwiftUpdateCheck = 1020;
				LastUpgradeCheck = 1020;
				ORGANIZATIONNAME = "Truong Quang Tuan";
				TargetAttributes = {
					93F0FDC522580B980037C427 = {
						CreatedOnToolsVersion = 10.2;
					};
				};
			};
			buildConfigurationList = 93F0FDC122580B980037C427 /* Build configuration list for PBXProject "TTBaseUIKitExample" */;
			compatibilityVersion = "Xcode 9.3";
			developmentRegion = en;
			hasScannedForEncodings = 0;
			knownRegions = (
				en,
				Base,
			);
			mainGroup = 93F0FDBD22580B980037C427;
			productRefGroup = 93F0FDC722580B980037C427 /* Products */;
			projectDirPath = "";
			projectRoot = "";
			targets = (
				93F0FDC522580B980037C427 /* TTBaseUIKitExample */,
			);
		};
/* End PBXProject section */

/* Begin PBXResourcesBuildPhase section */
		93F0FDC422580B980037C427 /* Resources */ = {
			isa = PBXResourcesBuildPhase;
			buildActionMask = 2147483647;
			files = (
				93F0FDD422580B990037C427 /* LaunchScreen.storyboard in Resources */,
				93F0FDD122580B990037C427 /* Assets.xcassets in Resources */,
				93F0FDCF22580B980037C427 /* Main.storyboard in Resources */,
			);
			runOnlyForDeploymentPostprocessing = 0;
		};
/* End PBXResourcesBuildPhase section */

/* Begin PBXShellScriptBuildPhase section */
		1193AE655C33AFB4463D727D /* [CP] Embed Pods Frameworks */ = {
			isa = PBXShellScriptBuildPhase;
			buildActionMask = 2147483647;
			files = (
			);
			inputFileListPaths = (
				"${PODS_ROOT}/Target Support Files/Pods-TTBaseUIKitExample/Pods-TTBaseUIKitExample-frameworks-${CONFIGURATION}-input-files.xcfilelist",
			);
			name = "[CP] Embed Pods Frameworks";
			outputFileListPaths = (
				"${PODS_ROOT}/Target Support Files/Pods-TTBaseUIKitExample/Pods-TTBaseUIKitExample-frameworks-${CONFIGURATION}-output-files.xcfilelist",
			);
			runOnlyForDeploymentPostprocessing = 0;
			shellPath = /bin/sh;
			shellScript = "\"${PODS_ROOT}/Target Support Files/Pods-TTBaseUIKitExample/Pods-TTBaseUIKitExample-frameworks.sh\"\n";
			showEnvVarsInLog = 0;
		};
		990147F1F2B1F9D991E21616 /* [CP] Check Pods Manifest.lock */ = {
			isa = PBXShellScriptBuildPhase;
			buildActionMask = 2147483647;
			files = (
			);
			inputFileListPaths = (
			);
			inputPaths = (
				"${PODS_PODFILE_DIR_PATH}/Podfile.lock",
				"${PODS_ROOT}/Manifest.lock",
			);
			name = "[CP] Check Pods Manifest.lock";
			outputFileListPaths = (
			);
			outputPaths = (
				"$(DERIVED_FILE_DIR)/Pods-TTBaseUIKitExample-checkManifestLockResult.txt",
			);
			runOnlyForDeploymentPostprocessing = 0;
			shellPath = /bin/sh;
			shellScript = "diff \"${PODS_PODFILE_DIR_PATH}/Podfile.lock\" \"${PODS_ROOT}/Manifest.lock\" > /dev/null\nif [ $? != 0 ] ; then\n    # print error to STDERR\n    echo \"error: The sandbox is not in sync with the Podfile.lock. Run 'pod install' or update your CocoaPods installation.\" >&2\n    exit 1\nfi\n# This output is used by Xcode 'outputs' to avoid re-running this script phase.\necho \"SUCCESS\" > \"${SCRIPT_OUTPUT_FILE_0}\"\n";
			showEnvVarsInLog = 0;
		};
/* End PBXShellScriptBuildPhase section */

/* Begin PBXSourcesBuildPhase section */
		93F0FDC222580B980037C427 /* Sources */ = {
			isa = PBXSourcesBuildPhase;
			buildActionMask = 2147483647;
			files = (
				93BC0C3E22AA61EB00E61D3C /* BaseUINavigationView.swift in Sources */,
				93BC0C4022AA622B00E61D3C /* Util.swift in Sources */,
				BC2452E92C5C7F0700D3FEC5 /* BaseIconLeftRightTitleView.swift in Sources */,
				BC2452CB2C5BB1FE00D3FEC5 /* BaseSetupContraintsViewModel.swift in Sources */,
				9371FA6322AF89F6005549E0 /* DatePickerViewController.swift in Sources */,
				BC2452E72C5C7EF200D3FEC5 /* CalendarCollectionView.swift in Sources */,
				BCA2809B2C5A4ED600472024 /* BaseColllectionViewViewModel.swift in Sources */,
				BCA2808B2C59FC3D00472024 /* BaseComponentsViewModel.swift in Sources */,
				BC2452E62C5C7EF200D3FEC5 /* CalendarViewModel.swift in Sources */,
				BC2452E32C5C7EF200D3FEC5 /* WeekView.swift in Sources */,
				BC2452EB2C5C7FBC00D3FEC5 /* BasePopupViewController.swift in Sources */,
				BCF1F36C2C58FF990062610C /* DemoViewModel.swift in Sources */,
				BCF1F36F2C59002D0062610C /* ResponseModel.swift in Sources */,
				93F0FDCC22580B980037C427 /* TestViewController.swift in Sources */,
				BC2452E12C5C7EF200D3FEC5 /* CalendarPopupViewModel.swift in Sources */,
				BC2452E42C5C7EF200D3FEC5 /* CalendarCollectionCellViewModel.swift in Sources */,
				93BC0C4222AA629500E61D3C /* MenuViewController.swift in Sources */,
				9371FA6522AF8A89005549E0 /* EmptyTableViewController.swift in Sources */,
				BC2452E02C5C7EF200D3FEC5 /* CalendarPopupViewController.swift in Sources */,
				BCD8B24F2D895D57000A53CF /* BaseCustomUICollectionFlowLayoutViewCell.swift in Sources */,
				BCF1F3812C5906A60062610C /* BaseTableViewModel.swift in Sources */,
				BC2452F42C5C9CF700D3FEC5 /* BaseSwiftUITextDemo.swift in Sources */,
				BC2452CD2C5BB5B200D3FEC5 /* AdvanceSetupContraintsViewController.swift in Sources */,
				934B1FFC22ABB6F000140EF7 /* CellTypeTableViewController.swift in Sources */,
				BCF1F3512C58FD7C0062610C /* TTBaseUIKit+Extension.swift in Sources */,
				BC2452DF2C5C7EF200D3FEC5 /* ShowPriceCalendarView.swift in Sources */,
				BCF1F3822C5906A60062610C /* BaseTableViewController.swift in Sources */,
				BCA2808E2C5A1FF300472024 /* DemoCustomView.swift in Sources */,
				930F2A6022AA75100001A511 /* Element.swift in Sources */,
				BCA2809D2C5A4F9A00472024 /* HomeNewHealthProductsViewCollectionCell.swift in Sources */,
				BCD8B24D2D895CA5000A53CF /* BaseCustomFlowLayoutColllectionViewController.swift in Sources */,
				BC2452E52C5C7EF200D3FEC5 /* CalendarCollectionViewCell.swift in Sources */,
				BCCD6BB42C5E04DF00DA9164 /* BaseSwiftUIStackDemo.swift in Sources */,
				BC2452CA2C5BB1FE00D3FEC5 /* BaseSetupContraintsViewController.swift in Sources */,
				BC2452E22C5C7EF200D3FEC5 /* MonthView.swift in Sources */,
				BC2452EE2C5C8F2600D3FEC5 /* SUIBaseViewDemo.swift in Sources */,
				BC2452F22C5C9B5900D3FEC5 /* BaseSwiftUIButtonDemo.swift in Sources */,
				9371FA6122AF8923005549E0 /* CoverPresentViewController.swift in Sources */,
				93F0FDCA22580B980037C427 /* AppDelegate.swift in Sources */,
				93BC0C4422AA62DC00E61D3C /* BaseUIViewController.swift in Sources */,
				BCCD6BB82C5E072F00DA9164 /* BaseSwiftUIDividerDemo.swift in Sources */,
				93BC0C4722AA69E300E61D3C /* DemoHeaderView.swift in Sources */,
				BCCD6BB02C5E020E00DA9164 /* BaseSwiftUIImageDemo.swift in Sources */,
				BC78A9AE2C525308008E0BA4 /* WebViewController.swift in Sources */,
				BCF1F3842C5906CE0062610C /* DemoTableViewCell.swift in Sources */,
				93BC0C3A22AA60C800E61D3C /* BaseUITableViewController.swift in Sources */,
				BCCD6BB22C5E047500DA9164 /* BaseSwiftUIScrollStackDemo.swift in Sources */,
				93BC0C3C22AA611400E61D3C /* ListCellTestTableViewController.swift in Sources */,
				934B1FFE22ABBAB400140EF7 /* ShowMessageViewController.swift in Sources */,
				BCF1F36B2C58FF990062610C /* DemoViewController.swift in Sources */,
				BCCD6BB62C5E069700DA9164 /* BaseSwiftUISpacerDemo.swift in Sources */,
				6D90040C299A1196004280F5 /* BaseView.swift in Sources */,
				BCA2808C2C59FC3D00472024 /* BaseComponentsViewController.swift in Sources */,
				BCA2809A2C5A4ED600472024 /* BaseColllectionViewViewController.swift in Sources */,
				BC2452F02C5C92DA00D3FEC5 /* BaseSwiftUINavView.swift in Sources */,
			);
			runOnlyForDeploymentPostprocessing = 0;
		};
/* End PBXSourcesBuildPhase section */

/* Begin PBXVariantGroup section */
		93F0FDCD22580B980037C427 /* Main.storyboard */ = {
			isa = PBXVariantGroup;
			children = (
				93F0FDCE22580B980037C427 /* Base */,
			);
			name = Main.storyboard;
			sourceTree = "<group>";
		};
		93F0FDD222580B990037C427 /* LaunchScreen.storyboard */ = {
			isa = PBXVariantGroup;
			children = (
				93F0FDD322580B990037C427 /* Base */,
			);
			name = LaunchScreen.storyboard;
			sourceTree = "<group>";
		};
/* End PBXVariantGroup section */

/* Begin XCBuildConfiguration section */
		93F0FDD622580B990037C427 /* Debug */ = {
			isa = XCBuildConfiguration;
			buildSettings = {
				ALWAYS_SEARCH_USER_PATHS = NO;
				CLANG_ANALYZER_NONNULL = YES;
				CLANG_ANALYZER_NUMBER_OBJECT_CONVERSION = YES_AGGRESSIVE;
				CLANG_CXX_LANGUAGE_STANDARD = "gnu++14";
				CLANG_CXX_LIBRARY = "libc++";
				CLANG_ENABLE_MODULES = YES;
				CLANG_ENABLE_OBJC_ARC = YES;
				CLANG_ENABLE_OBJC_WEAK = YES;
				CLANG_WARN_BLOCK_CAPTURE_AUTORELEASING = YES;
				CLANG_WARN_BOOL_CONVERSION = YES;
				CLANG_WARN_COMMA = YES;
				CLANG_WARN_CONSTANT_CONVERSION = YES;
				CLANG_WARN_DEPRECATED_OBJC_IMPLEMENTATIONS = YES;
				CLANG_WARN_DIRECT_OBJC_ISA_USAGE = YES_ERROR;
				CLANG_WARN_DOCUMENTATION_COMMENTS = YES;
				CLANG_WARN_EMPTY_BODY = YES;
				CLANG_WARN_ENUM_CONVERSION = YES;
				CLANG_WARN_INFINITE_RECURSION = YES;
				CLANG_WARN_INT_CONVERSION = YES;
				CLANG_WARN_NON_LITERAL_NULL_CONVERSION = YES;
				CLANG_WARN_OBJC_IMPLICIT_RETAIN_SELF = YES;
				CLANG_WARN_OBJC_LITERAL_CONVERSION = YES;
				CLANG_WARN_OBJC_ROOT_CLASS = YES_ERROR;
				CLANG_WARN_RANGE_LOOP_ANALYSIS = YES;
				CLANG_WARN_STRICT_PROTOTYPES = YES;
				CLANG_WARN_SUSPICIOUS_MOVE = YES;
				CLANG_WARN_UNGUARDED_AVAILABILITY = YES_AGGRESSIVE;
				CLANG_WARN_UNREACHABLE_CODE = YES;
				CLANG_WARN__DUPLICATE_METHOD_MATCH = YES;
				CODE_SIGN_IDENTITY = "iPhone Developer";
				COPY_PHASE_STRIP = NO;
				DEBUG_INFORMATION_FORMAT = dwarf;
				ENABLE_STRICT_OBJC_MSGSEND = YES;
				ENABLE_TESTABILITY = YES;
				GCC_C_LANGUAGE_STANDARD = gnu11;
				GCC_DYNAMIC_NO_PIC = NO;
				GCC_NO_COMMON_BLOCKS = YES;
				GCC_OPTIMIZATION_LEVEL = 0;
				GCC_PREPROCESSOR_DEFINITIONS = (
					"DEBUG=1",
					"$(inherited)",
				);
				GCC_WARN_64_TO_32_BIT_CONVERSION = YES;
				GCC_WARN_ABOUT_RETURN_TYPE = YES_ERROR;
				GCC_WARN_UNDECLARED_SELECTOR = YES;
				GCC_WARN_UNINITIALIZED_AUTOS = YES_AGGRESSIVE;
				GCC_WARN_UNUSED_FUNCTION = YES;
				GCC_WARN_UNUSED_VARIABLE = YES;
				IPHONEOS_DEPLOYMENT_TARGET = 14.0;
				MTL_ENABLE_DEBUG_INFO = INCLUDE_SOURCE;
				MTL_FAST_MATH = YES;
				ONLY_ACTIVE_ARCH = YES;
				SDKROOT = iphoneos;
				SWIFT_ACTIVE_COMPILATION_CONDITIONS = DEBUG;
				SWIFT_OPTIMIZATION_LEVEL = "-Onone";
			};
			name = Debug;
		};
		93F0FDD722580B990037C427 /* Release */ = {
			isa = XCBuildConfiguration;
			buildSettings = {
				ALWAYS_SEARCH_USER_PATHS = NO;
				CLANG_ANALYZER_NONNULL = YES;
				CLANG_ANALYZER_NUMBER_OBJECT_CONVERSION = YES_AGGRESSIVE;
				CLANG_CXX_LANGUAGE_STANDARD = "gnu++14";
				CLANG_CXX_LIBRARY = "libc++";
				CLANG_ENABLE_MODULES = YES;
				CLANG_ENABLE_OBJC_ARC = YES;
				CLANG_ENABLE_OBJC_WEAK = YES;
				CLANG_WARN_BLOCK_CAPTURE_AUTORELEASING = YES;
				CLANG_WARN_BOOL_CONVERSION = YES;
				CLANG_WARN_COMMA = YES;
				CLANG_WARN_CONSTANT_CONVERSION = YES;
				CLANG_WARN_DEPRECATED_OBJC_IMPLEMENTATIONS = YES;
				CLANG_WARN_DIRECT_OBJC_ISA_USAGE = YES_ERROR;
				CLANG_WARN_DOCUMENTATION_COMMENTS = YES;
				CLANG_WARN_EMPTY_BODY = YES;
				CLANG_WARN_ENUM_CONVERSION = YES;
				CLANG_WARN_INFINITE_RECURSION = YES;
				CLANG_WARN_INT_CONVERSION = YES;
				CLANG_WARN_NON_LITERAL_NULL_CONVERSION = YES;
				CLANG_WARN_OBJC_IMPLICIT_RETAIN_SELF = YES;
				CLANG_WARN_OBJC_LITERAL_CONVERSION = YES;
				CLANG_WARN_OBJC_ROOT_CLASS = YES_ERROR;
				CLANG_WARN_RANGE_LOOP_ANALYSIS = YES;
				CLANG_WARN_STRICT_PROTOTYPES = YES;
				CLANG_WARN_SUSPICIOUS_MOVE = YES;
				CLANG_WARN_UNGUARDED_AVAILABILITY = YES_AGGRESSIVE;
				CLANG_WARN_UNREACHABLE_CODE = YES;
				CLANG_WARN__DUPLICATE_METHOD_MATCH = YES;
				CODE_SIGN_IDENTITY = "iPhone Developer";
				COPY_PHASE_STRIP = NO;
				DEBUG_INFORMATION_FORMAT = "dwarf-with-dsym";
				ENABLE_NS_ASSERTIONS = NO;
				ENABLE_STRICT_OBJC_MSGSEND = YES;
				GCC_C_LANGUAGE_STANDARD = gnu11;
				GCC_NO_COMMON_BLOCKS = YES;
				GCC_WARN_64_TO_32_BIT_CONVERSION = YES;
				GCC_WARN_ABOUT_RETURN_TYPE = YES_ERROR;
				GCC_WARN_UNDECLARED_SELECTOR = YES;
				GCC_WARN_UNINITIALIZED_AUTOS = YES_AGGRESSIVE;
				GCC_WARN_UNUSED_FUNCTION = YES;
				GCC_WARN_UNUSED_VARIABLE = YES;
				IPHONEOS_DEPLOYMENT_TARGET = 14.0;
				MTL_ENABLE_DEBUG_INFO = NO;
				MTL_FAST_MATH = YES;
				SDKROOT = iphoneos;
				SWIFT_COMPILATION_MODE = wholemodule;
				SWIFT_OPTIMIZATION_LEVEL = "-O";
				VALIDATE_PRODUCT = YES;
			};
			name = Release;
		};
		93F0FDD922580B990037C427 /* Debug */ = {
			isa = XCBuildConfiguration;
			baseConfigurationReference = 2165050AD72AAAD145735036 /* Pods-TTBaseUIKitExample.debug.xcconfig */;
			buildSettings = {
				ASSETCATALOG_COMPILER_APPICON_NAME = AppIcon;
				CODE_SIGN_STYLE = Automatic;
				CURRENT_PROJECT_VERSION = 10;
				DEVELOPMENT_TEAM = NWP32GXP5M;
				INFOPLIST_FILE = TTBaseUIKitExample/Info.plist;
				INFOPLIST_KEY_CFBundleDisplayName = TTBaseUIKit;
				IPHONEOS_DEPLOYMENT_TARGET = 14.0;
				LD_RUNPATH_SEARCH_PATHS = (
					"$(inherited)",
					"@executable_path/Frameworks",
				);
				MARKETING_VERSION = 2.0.1;
				PRODUCT_BUNDLE_IDENTIFIER = TQT.TTBaseUIKitExample;
				PRODUCT_NAME = "$(TARGET_NAME)";
				SWIFT_VERSION = 5.0;
				TARGETED_DEVICE_FAMILY = "1,2";
			};
			name = Debug;
		};
		93F0FDDA22580B990037C427 /* Release */ = {
			isa = XCBuildConfiguration;
			baseConfigurationReference = 12C591B1D28BAD7844B95DAF /* Pods-TTBaseUIKitExample.release.xcconfig */;
			buildSettings = {
				ASSETCATALOG_COMPILER_APPICON_NAME = AppIcon;
				CODE_SIGN_STYLE = Automatic;
				CURRENT_PROJECT_VERSION = 10;
				DEVELOPMENT_TEAM = NWP32GXP5M;
				INFOPLIST_FILE = TTBaseUIKitExample/Info.plist;
				INFOPLIST_KEY_CFBundleDisplayName = TTBaseUIKit;
				IPHONEOS_DEPLOYMENT_TARGET = 14.0;
				LD_RUNPATH_SEARCH_PATHS = (
					"$(inherited)",
					"@executable_path/Frameworks",
				);
				MARKETING_VERSION = 2.0.1;
				PRODUCT_BUNDLE_IDENTIFIER = TQT.TTBaseUIKitExample;
				PRODUCT_NAME = "$(TARGET_NAME)";
				SWIFT_VERSION = 5.0;
				TARGETED_DEVICE_FAMILY = "1,2";
			};
			name = Release;
		};
/* End XCBuildConfiguration section */

/* Begin XCConfigurationList section */
		93F0FDC122580B980037C427 /* Build configuration list for PBXProject "TTBaseUIKitExample" */ = {
			isa = XCConfigurationList;
			buildConfigurations = (
				93F0FDD622580B990037C427 /* Debug */,
				93F0FDD722580B990037C427 /* Release */,
			);
			defaultConfigurationIsVisible = 0;
			defaultConfigurationName = Release;
		};
		93F0FDD822580B990037C427 /* Build configuration list for PBXNativeTarget "TTBaseUIKitExample" */ = {
			isa = XCConfigurationList;
			buildConfigurations = (
				93F0FDD922580B990037C427 /* Debug */,
				93F0FDDA22580B990037C427 /* Release */,
			);
			defaultConfigurationIsVisible = 0;
			defaultConfigurationName = Release;
		};
/* End XCConfigurationList section */
	};
	rootObject = 93F0FDBE22580B980037C427 /* Project object */;
}
