{
  "originHash" : "6338be72606f51d5a0754e323bc4662c0caa69914bede88aedfbd0f2565e1b2d",
  "pins" : [
    {
      "identity" : "ttbaseuikit",
      "kind" : "remoteSourceControl",
      "location" : "https://github.com/tqtuan1201/TTBaseUIKit.git",
      "state" : {
        "revision" : "37933a0c69d9b1a2629e3346bb087664eb3a269b",
        "version" : "2.2.8"
      }
    }
  ],
  "version" : 3
}
