{
  "originHash" : "6338be72606f51d5a0754e323bc4662c0caa69914bede88aedfbd0f2565e1b2d",
  "pins" : [
    {
      "identity" : "ttbaseuikit",
      "kind" : "remoteSourceControl",
      "location" : "https://github.com/tqtuan1201/TTBaseUIKit.git",
      "state" : {
        "branch" : "master",
        "revision" : "719634b03fcc19307dc6824e10d8719268574985"
      }
    }
  ],
  "version" : 3
}
